// !$*UTF8*$!
{
	archiveVersion = 1;
	classes = {
	};
	objectVersion = 46;
	objects = {

/* Begin PBXBuildFile section */
		8C3F57181DA7348C00FBD824 /* Aojet.framework in Frameworks */ = {isa = PBXBuildFile; fileRef = 8C3F570E1DA7348C00FBD824 /* Aojet.framework */; };
		8C3F571F1DA7348C00FBD824 /* Aojet.h in Headers */ = {isa = PBXBuildFile; fileRef = 8C3F57111DA7348C00FBD824 /* Aojet.h */; settings = {ATTRIBUTES = (Public, ); }; };
		8C3F57E51DA7373B00FBD824 /* AppDelegate.swift in Sources */ = {isa = PBXBuildFile; fileRef = 8C3F57E41DA7373B00FBD824 /* AppDelegate.swift */; };
		8C3F57E71DA7373B00FBD824 /* FirstViewController.swift in Sources */ = {isa = PBXBuildFile; fileRef = 8C3F57E61DA7373B00FBD824 /* FirstViewController.swift */; };
		8C3F57E91DA7373B00FBD824 /* SecondViewController.swift in Sources */ = {isa = PBXBuildFile; fileRef = 8C3F57E81DA7373B00FBD824 /* SecondViewController.swift */; };
		8C3F57EC1DA7373B00FBD824 /* Main.storyboard in Resources */ = {isa = PBXBuildFile; fileRef = 8C3F57EA1DA7373B00FBD824 /* Main.storyboard */; };
		8C3F57EE1DA7373B00FBD824 /* Assets.xcassets in Resources */ = {isa = PBXBuildFile; fileRef = 8C3F57ED1DA7373B00FBD824 /* Assets.xcassets */; };
		8C3F57F11DA7373B00FBD824 /* LaunchScreen.storyboard in Resources */ = {isa = PBXBuildFile; fileRef = 8C3F57EF1DA7373B00FBD824 /* LaunchScreen.storyboard */; };
		8C3F58171DA737D000FBD824 /* DemoActor.swift in Sources */ = {isa = PBXBuildFile; fileRef = 8C3F58161DA737D000FBD824 /* DemoActor.swift */; };
		8C3F581A1DA737ED00FBD824 /* Aojet.framework in Frameworks */ = {isa = PBXBuildFile; fileRef = 8C3F570E1DA7348C00FBD824 /* Aojet.framework */; };
		8C4563E31DB3CAAE009C90D2 /* AojetTests.swift in Sources */ = {isa = PBXBuildFile; fileRef = 8C4563E21DB3CAAE009C90D2 /* AojetTests.swift */; };
		8C5EFDBA1DB4D51800885B4E /* Actor.swift in Sources */ = {isa = PBXBuildFile; fileRef = 8C5EFD601DB4D51800885B4E /* Actor.swift */; };
		8C5EFDBB1DB4D51800885B4E /* Actor.swift in Sources */ = {isa = PBXBuildFile; fileRef = 8C5EFD601DB4D51800885B4E /* Actor.swift */; };
		8C5EFDBC1DB4D51800885B4E /* ActorCancellable.swift in Sources */ = {isa = PBXBuildFile; fileRef = 8C5EFD611DB4D51800885B4E /* ActorCancellable.swift */; };
		8C5EFDBD1DB4D51800885B4E /* ActorCancellable.swift in Sources */ = {isa = PBXBuildFile; fileRef = 8C5EFD611DB4D51800885B4E /* ActorCancellable.swift */; };
		8C5EFDBE1DB4D51800885B4E /* ActorContext.swift in Sources */ = {isa = PBXBuildFile; fileRef = 8C5EFD621DB4D51800885B4E /* ActorContext.swift */; };
		8C5EFDBF1DB4D51800885B4E /* ActorContext.swift in Sources */ = {isa = PBXBuildFile; fileRef = 8C5EFD621DB4D51800885B4E /* ActorContext.swift */; };
		8C5EFDC01DB4D51800885B4E /* ActorCreator.swift in Sources */ = {isa = PBXBuildFile; fileRef = 8C5EFD631DB4D51800885B4E /* ActorCreator.swift */; };
		8C5EFDC11DB4D51800885B4E /* ActorCreator.swift in Sources */ = {isa = PBXBuildFile; fileRef = 8C5EFD631DB4D51800885B4E /* ActorCreator.swift */; };
		8C5EFDC21DB4D51800885B4E /* ActorRef.swift in Sources */ = {isa = PBXBuildFile; fileRef = 8C5EFD641DB4D51800885B4E /* ActorRef.swift */; };
		8C5EFDC31DB4D51800885B4E /* ActorRef.swift in Sources */ = {isa = PBXBuildFile; fileRef = 8C5EFD641DB4D51800885B4E /* ActorRef.swift */; };
		8C5EFDC41DB4D51800885B4E /* ActorScope.swift in Sources */ = {isa = PBXBuildFile; fileRef = 8C5EFD651DB4D51800885B4E /* ActorScope.swift */; };
		8C5EFDC51DB4D51800885B4E /* ActorScope.swift in Sources */ = {isa = PBXBuildFile; fileRef = 8C5EFD651DB4D51800885B4E /* ActorScope.swift */; };
		8C5EFDC61DB4D51800885B4E /* ActorSelection.swift in Sources */ = {isa = PBXBuildFile; fileRef = 8C5EFD661DB4D51800885B4E /* ActorSelection.swift */; };
		8C5EFDC71DB4D51800885B4E /* ActorSelection.swift in Sources */ = {isa = PBXBuildFile; fileRef = 8C5EFD661DB4D51800885B4E /* ActorSelection.swift */; };
		8C5EFDC81DB4D51800885B4E /* ActorSupervisor.swift in Sources */ = {isa = PBXBuildFile; fileRef = 8C5EFD671DB4D51800885B4E /* ActorSupervisor.swift */; };
		8C5EFDC91DB4D51800885B4E /* ActorSupervisor.swift in Sources */ = {isa = PBXBuildFile; fileRef = 8C5EFD671DB4D51800885B4E /* ActorSupervisor.swift */; };
		8C5EFDCA1DB4D51800885B4E /* ActorSystem.swift in Sources */ = {isa = PBXBuildFile; fileRef = 8C5EFD681DB4D51800885B4E /* ActorSystem.swift */; };
		8C5EFDCB1DB4D51800885B4E /* ActorSystem.swift in Sources */ = {isa = PBXBuildFile; fileRef = 8C5EFD681DB4D51800885B4E /* ActorSystem.swift */; };
		8C5EFDCC1DB4D51800885B4E /* ActorTime.swift in Sources */ = {isa = PBXBuildFile; fileRef = 8C5EFD691DB4D51800885B4E /* ActorTime.swift */; };
		8C5EFDCD1DB4D51800885B4E /* ActorTime.swift in Sources */ = {isa = PBXBuildFile; fileRef = 8C5EFD691DB4D51800885B4E /* ActorTime.swift */; };
		8C5EFDCE1DB4D51800885B4E /* AskInternalRequest.swift in Sources */ = {isa = PBXBuildFile; fileRef = 8C5EFD6B1DB4D51800885B4E /* AskInternalRequest.swift */; };
		8C5EFDCF1DB4D51800885B4E /* AskInternalRequest.swift in Sources */ = {isa = PBXBuildFile; fileRef = 8C5EFD6B1DB4D51800885B4E /* AskInternalRequest.swift */; };
		8C5EFDD01DB4D51800885B4E /* AskMessage.swift in Sources */ = {isa = PBXBuildFile; fileRef = 8C5EFD6C1DB4D51800885B4E /* AskMessage.swift */; };
		8C5EFDD11DB4D51800885B4E /* AskMessage.swift in Sources */ = {isa = PBXBuildFile; fileRef = 8C5EFD6C1DB4D51800885B4E /* AskMessage.swift */; };
		8C5EFDD21DB4D51800885B4E /* AskableActor.swift in Sources */ = {isa = PBXBuildFile; fileRef = 8C5EFD6D1DB4D51800885B4E /* AskableActor.swift */; };
		8C5EFDD31DB4D51800885B4E /* AskableActor.swift in Sources */ = {isa = PBXBuildFile; fileRef = 8C5EFD6D1DB4D51800885B4E /* AskableActor.swift */; };
		8C5EFDD41DB4D51800885B4E /* ActorDispatcher.swift in Sources */ = {isa = PBXBuildFile; fileRef = 8C5EFD6F1DB4D51800885B4E /* ActorDispatcher.swift */; };
		8C5EFDD51DB4D51800885B4E /* ActorDispatcher.swift in Sources */ = {isa = PBXBuildFile; fileRef = 8C5EFD6F1DB4D51800885B4E /* ActorDispatcher.swift */; };
		8C5EFDD61DB4D51800885B4E /* ActorEndpoint.swift in Sources */ = {isa = PBXBuildFile; fileRef = 8C5EFD701DB4D51800885B4E /* ActorEndpoint.swift */; };
		8C5EFDD71DB4D51800885B4E /* ActorEndpoint.swift in Sources */ = {isa = PBXBuildFile; fileRef = 8C5EFD701DB4D51800885B4E /* ActorEndpoint.swift */; };
		8C5EFDD81DB4D51800885B4E /* Envelope.swift in Sources */ = {isa = PBXBuildFile; fileRef = 8C5EFD711DB4D51800885B4E /* Envelope.swift */; };
		8C5EFDD91DB4D51800885B4E /* Envelope.swift in Sources */ = {isa = PBXBuildFile; fileRef = 8C5EFD711DB4D51800885B4E /* Envelope.swift */; };
		8C5EFDDA1DB4D51800885B4E /* Mailbox.swift in Sources */ = {isa = PBXBuildFile; fileRef = 8C5EFD721DB4D51800885B4E /* Mailbox.swift */; };
		8C5EFDDB1DB4D51800885B4E /* Mailbox.swift in Sources */ = {isa = PBXBuildFile; fileRef = 8C5EFD721DB4D51800885B4E /* Mailbox.swift */; };
		8C5EFDDC1DB4D51800885B4E /* Queue.swift in Sources */ = {isa = PBXBuildFile; fileRef = 8C5EFD741DB4D51800885B4E /* Queue.swift */; };
		8C5EFDDD1DB4D51800885B4E /* Queue.swift in Sources */ = {isa = PBXBuildFile; fileRef = 8C5EFD741DB4D51800885B4E /* Queue.swift */; };
		8C5EFDDE1DB4D51800885B4E /* QueueCollection.swift in Sources */ = {isa = PBXBuildFile; fileRef = 8C5EFD751DB4D51800885B4E /* QueueCollection.swift */; };
		8C5EFDDF1DB4D51800885B4E /* QueueCollection.swift in Sources */ = {isa = PBXBuildFile; fileRef = 8C5EFD751DB4D51800885B4E /* QueueCollection.swift */; };
		8C5EFDE01DB4D51800885B4E /* QueueCollectionListener.swift in Sources */ = {isa = PBXBuildFile; fileRef = 8C5EFD761DB4D51800885B4E /* QueueCollectionListener.swift */; };
		8C5EFDE11DB4D51800885B4E /* QueueCollectionListener.swift in Sources */ = {isa = PBXBuildFile; fileRef = 8C5EFD761DB4D51800885B4E /* QueueCollectionListener.swift */; };
		8C5EFDE21DB4D51800885B4E /* QueueDispatcher.swift in Sources */ = {isa = PBXBuildFile; fileRef = 8C5EFD771DB4D51800885B4E /* QueueDispatcher.swift */; };
		8C5EFDE31DB4D51800885B4E /* QueueDispatcher.swift in Sources */ = {isa = PBXBuildFile; fileRef = 8C5EFD771DB4D51800885B4E /* QueueDispatcher.swift */; };
		8C5EFDE41DB4D51800885B4E /* QueueFetchResult.swift in Sources */ = {isa = PBXBuildFile; fileRef = 8C5EFD781DB4D51800885B4E /* QueueFetchResult.swift */; };
		8C5EFDE51DB4D51800885B4E /* QueueFetchResult.swift in Sources */ = {isa = PBXBuildFile; fileRef = 8C5EFD781DB4D51800885B4E /* QueueFetchResult.swift */; };
		8C5EFDE61DB4D51800885B4E /* DeadLetter.swift in Sources */ = {isa = PBXBuildFile; fileRef = 8C5EFD7A1DB4D51800885B4E /* DeadLetter.swift */; };
		8C5EFDE71DB4D51800885B4E /* DeadLetter.swift in Sources */ = {isa = PBXBuildFile; fileRef = 8C5EFD7A1DB4D51800885B4E /* DeadLetter.swift */; };
		8C5EFDE81DB4D51800885B4E /* PoisonPill.swift in Sources */ = {isa = PBXBuildFile; fileRef = 8C5EFD7B1DB4D51800885B4E /* PoisonPill.swift */; };
		8C5EFDE91DB4D51800885B4E /* PoisonPill.swift in Sources */ = {isa = PBXBuildFile; fileRef = 8C5EFD7B1DB4D51800885B4E /* PoisonPill.swift */; };
		8C5EFDEA1DB4D51800885B4E /* StartActor.swift in Sources */ = {isa = PBXBuildFile; fileRef = 8C5EFD7C1DB4D51800885B4E /* StartActor.swift */; };
		8C5EFDEB1DB4D51800885B4E /* StartActor.swift in Sources */ = {isa = PBXBuildFile; fileRef = 8C5EFD7C1DB4D51800885B4E /* StartActor.swift */; };
		8C5EFDEC1DB4D51800885B4E /* StashBegin.swift in Sources */ = {isa = PBXBuildFile; fileRef = 8C5EFD7D1DB4D51800885B4E /* StashBegin.swift */; };
		8C5EFDED1DB4D51800885B4E /* StashBegin.swift in Sources */ = {isa = PBXBuildFile; fileRef = 8C5EFD7D1DB4D51800885B4E /* StashBegin.swift */; };
		8C5EFDEE1DB4D51800885B4E /* StashEnd.swift in Sources */ = {isa = PBXBuildFile; fileRef = 8C5EFD7E1DB4D51800885B4E /* StashEnd.swift */; };
		8C5EFDEF1DB4D51800885B4E /* StashEnd.swift in Sources */ = {isa = PBXBuildFile; fileRef = 8C5EFD7E1DB4D51800885B4E /* StashEnd.swift */; };
		8C5EFDF01DB4D51800885B4E /* StashIgnore.swift in Sources */ = {isa = PBXBuildFile; fileRef = 8C5EFD7F1DB4D51800885B4E /* StashIgnore.swift */; };
		8C5EFDF11DB4D51800885B4E /* StashIgnore.swift in Sources */ = {isa = PBXBuildFile; fileRef = 8C5EFD7F1DB4D51800885B4E /* StashIgnore.swift */; };
		8C5EFDF21DB4D51800885B4E /* Props.swift in Sources */ = {isa = PBXBuildFile; fileRef = 8C5EFD801DB4D51800885B4E /* Props.swift */; };
		8C5EFDF31DB4D51800885B4E /* Props.swift in Sources */ = {isa = PBXBuildFile; fileRef = 8C5EFD801DB4D51800885B4E /* Props.swift */; };
		8C5EFDF41DB4D51800885B4E /* Receiver.swift in Sources */ = {isa = PBXBuildFile; fileRef = 8C5EFD811DB4D51800885B4E /* Receiver.swift */; };
		8C5EFDF51DB4D51800885B4E /* Receiver.swift in Sources */ = {isa = PBXBuildFile; fileRef = 8C5EFD811DB4D51800885B4E /* Receiver.swift */; };
		8C5EFDF61DB4D51800885B4E /* Runnable.swift in Sources */ = {isa = PBXBuildFile; fileRef = 8C5EFD821DB4D51800885B4E /* Runnable.swift */; };
		8C5EFDF71DB4D51800885B4E /* Runnable.swift in Sources */ = {isa = PBXBuildFile; fileRef = 8C5EFD821DB4D51800885B4E /* Runnable.swift */; };
		8C5EFDF81DB4D51800885B4E /* Scheduler.swift in Sources */ = {isa = PBXBuildFile; fileRef = 8C5EFD831DB4D51800885B4E /* Scheduler.swift */; };
		8C5EFDF91DB4D51800885B4E /* Scheduler.swift in Sources */ = {isa = PBXBuildFile; fileRef = 8C5EFD831DB4D51800885B4E /* Scheduler.swift */; };
		8C5EFDFA1DB4D51800885B4E /* StashedMessage.swift in Sources */ = {isa = PBXBuildFile; fileRef = 8C5EFD841DB4D51800885B4E /* StashedMessage.swift */; };
		8C5EFDFB1DB4D51800885B4E /* StashedMessage.swift in Sources */ = {isa = PBXBuildFile; fileRef = 8C5EFD841DB4D51800885B4E /* StashedMessage.swift */; };
		8C5EFDFC1DB4D51800885B4E /* ThreadPriority.swift in Sources */ = {isa = PBXBuildFile; fileRef = 8C5EFD851DB4D51800885B4E /* ThreadPriority.swift */; };
		8C5EFDFD1DB4D51900885B4E /* ThreadPriority.swift in Sources */ = {isa = PBXBuildFile; fileRef = 8C5EFD851DB4D51800885B4E /* ThreadPriority.swift */; };
		8C5EFDFE1DB4D51900885B4E /* BounceFilterActor.swift in Sources */ = {isa = PBXBuildFile; fileRef = 8C5EFD871DB4D51800885B4E /* BounceFilterActor.swift */; };
		8C5EFDFF1DB4D51900885B4E /* BounceFilterActor.swift in Sources */ = {isa = PBXBuildFile; fileRef = 8C5EFD871DB4D51800885B4E /* BounceFilterActor.swift */; };
		8C5EFE001DB4D51900885B4E /* TraceInterface.swift in Sources */ = {isa = PBXBuildFile; fileRef = 8C5EFD881DB4D51800885B4E /* TraceInterface.swift */; };
		8C5EFE011DB4D51900885B4E /* TraceInterface.swift in Sources */ = {isa = PBXBuildFile; fileRef = 8C5EFD881DB4D51800885B4E /* TraceInterface.swift */; };
		8C5EFE021DB4D51900885B4E /* Cancellable.swift in Sources */ = {isa = PBXBuildFile; fileRef = 8C5EFD8A1DB4D51800885B4E /* Cancellable.swift */; };
		8C5EFE031DB4D51900885B4E /* Cancellable.swift in Sources */ = {isa = PBXBuildFile; fileRef = 8C5EFD8A1DB4D51800885B4E /* Cancellable.swift */; };
		8C5EFE041DB4D51900885B4E /* Comparator.swift in Sources */ = {isa = PBXBuildFile; fileRef = 8C5EFD8B1DB4D51800885B4E /* Comparator.swift */; };
		8C5EFE051DB4D51900885B4E /* Comparator.swift in Sources */ = {isa = PBXBuildFile; fileRef = 8C5EFD8B1DB4D51800885B4E /* Comparator.swift */; };
		8C5EFE061DB4D51900885B4E /* Constructor.swift in Sources */ = {isa = PBXBuildFile; fileRef = 8C5EFD8C1DB4D51800885B4E /* Constructor.swift */; };
		8C5EFE071DB4D51900885B4E /* Constructor.swift in Sources */ = {isa = PBXBuildFile; fileRef = 8C5EFD8C1DB4D51800885B4E /* Constructor.swift */; };
		8C5EFE081DB4D51900885B4E /* Consumer.swift in Sources */ = {isa = PBXBuildFile; fileRef = 8C5EFD8D1DB4D51800885B4E /* Consumer.swift */; };
		8C5EFE091DB4D51900885B4E /* Consumer.swift in Sources */ = {isa = PBXBuildFile; fileRef = 8C5EFD8D1DB4D51800885B4E /* Consumer.swift */; };
		8C5EFE0A1DB4D51900885B4E /* Either.swift in Sources */ = {isa = PBXBuildFile; fileRef = 8C5EFD8E1DB4D51800885B4E /* Either.swift */; };
		8C5EFE0B1DB4D51900885B4E /* Either.swift in Sources */ = {isa = PBXBuildFile; fileRef = 8C5EFD8E1DB4D51800885B4E /* Either.swift */; };
		8C5EFE0C1DB4D51900885B4E /* Function.swift in Sources */ = {isa = PBXBuildFile; fileRef = 8C5EFD8F1DB4D51800885B4E /* Function.swift */; };
		8C5EFE0D1DB4D51900885B4E /* Function.swift in Sources */ = {isa = PBXBuildFile; fileRef = 8C5EFD8F1DB4D51800885B4E /* Function.swift */; };
		8C5EFE0E1DB4D51900885B4E /* Identifiable.swift in Sources */ = {isa = PBXBuildFile; fileRef = 8C5EFD901DB4D51800885B4E /* Identifiable.swift */; };
		8C5EFE0F1DB4D51900885B4E /* Identifiable.swift in Sources */ = {isa = PBXBuildFile; fileRef = 8C5EFD901DB4D51800885B4E /* Identifiable.swift */; };
		8C5EFE101DB4D51900885B4E /* Predicate.swift in Sources */ = {isa = PBXBuildFile; fileRef = 8C5EFD911DB4D51800885B4E /* Predicate.swift */; };
		8C5EFE111DB4D51900885B4E /* Predicate.swift in Sources */ = {isa = PBXBuildFile; fileRef = 8C5EFD911DB4D51800885B4E /* Predicate.swift */; };
		8C5EFE121DB4D51900885B4E /* Supplier.swift in Sources */ = {isa = PBXBuildFile; fileRef = 8C5EFD921DB4D51800885B4E /* Supplier.swift */; };
		8C5EFE131DB4D51900885B4E /* Supplier.swift in Sources */ = {isa = PBXBuildFile; fileRef = 8C5EFD921DB4D51800885B4E /* Supplier.swift */; };
		8C5EFE141DB4D51900885B4E /* AtomicIntegerProvider.swift in Sources */ = {isa = PBXBuildFile; fileRef = 8C5EFD941DB4D51800885B4E /* AtomicIntegerProvider.swift */; };
		8C5EFE151DB4D51900885B4E /* AtomicIntegerProvider.swift in Sources */ = {isa = PBXBuildFile; fileRef = 8C5EFD941DB4D51800885B4E /* AtomicIntegerProvider.swift */; };
		8C5EFE161DB4D51900885B4E /* AtomicLongProvider.swift in Sources */ = {isa = PBXBuildFile; fileRef = 8C5EFD951DB4D51800885B4E /* AtomicLongProvider.swift */; };
		8C5EFE171DB4D51900885B4E /* AtomicLongProvider.swift in Sources */ = {isa = PBXBuildFile; fileRef = 8C5EFD951DB4D51800885B4E /* AtomicLongProvider.swift */; };
		8C5EFE181DB4D51900885B4E /* DispatcherProvider.swift in Sources */ = {isa = PBXBuildFile; fileRef = 8C5EFD961DB4D51800885B4E /* DispatcherProvider.swift */; };
		8C5EFE191DB4D51900885B4E /* DispatcherProvider.swift in Sources */ = {isa = PBXBuildFile; fileRef = 8C5EFD961DB4D51800885B4E /* DispatcherProvider.swift */; };
		8C5EFE1A1DB4D51900885B4E /* DispatcherRuntimeProvider.swift in Sources */ = {isa = PBXBuildFile; fileRef = 8C5EFD971DB4D51800885B4E /* DispatcherRuntimeProvider.swift */; };
		8C5EFE1B1DB4D51900885B4E /* DispatcherRuntimeProvider.swift in Sources */ = {isa = PBXBuildFile; fileRef = 8C5EFD971DB4D51800885B4E /* DispatcherRuntimeProvider.swift */; };
		8C5EFE1C1DB4D51900885B4E /* ImmediateDispatcherProvider.swift in Sources */ = {isa = PBXBuildFile; fileRef = 8C5EFD981DB4D51800885B4E /* ImmediateDispatcherProvider.swift */; };
		8C5EFE1D1DB4D51900885B4E /* ImmediateDispatcherProvider.swift in Sources */ = {isa = PBXBuildFile; fileRef = 8C5EFD981DB4D51800885B4E /* ImmediateDispatcherProvider.swift */; };
		8C5EFE1E1DB4D51900885B4E /* LockProvider.swift in Sources */ = {isa = PBXBuildFile; fileRef = 8C5EFD991DB4D51800885B4E /* LockProvider.swift */; };
		8C5EFE1F1DB4D51900885B4E /* LockProvider.swift in Sources */ = {isa = PBXBuildFile; fileRef = 8C5EFD991DB4D51800885B4E /* LockProvider.swift */; };
		8C5EFE201DB4D51900885B4E /* LogRuntimeProvider.swift in Sources */ = {isa = PBXBuildFile; fileRef = 8C5EFD9A1DB4D51800885B4E /* LogRuntimeProvider.swift */; };
		8C5EFE211DB4D51900885B4E /* LogRuntimeProvider.swift in Sources */ = {isa = PBXBuildFile; fileRef = 8C5EFD9A1DB4D51800885B4E /* LogRuntimeProvider.swift */; };
		8C5EFE221DB4D51900885B4E /* MainThreadRuntimeProvider.swift in Sources */ = {isa = PBXBuildFile; fileRef = 8C5EFD9B1DB4D51800885B4E /* MainThreadRuntimeProvider.swift */; };
		8C5EFE231DB4D51900885B4E /* MainThreadRuntimeProvider.swift in Sources */ = {isa = PBXBuildFile; fileRef = 8C5EFD9B1DB4D51800885B4E /* MainThreadRuntimeProvider.swift */; };
		8C5EFE241DB4D51900885B4E /* ThreadingRuntimeProvider.swift in Sources */ = {isa = PBXBuildFile; fileRef = 8C5EFD9C1DB4D51800885B4E /* ThreadingRuntimeProvider.swift */; };
		8C5EFE251DB4D51900885B4E /* ThreadingRuntimeProvider.swift in Sources */ = {isa = PBXBuildFile; fileRef = 8C5EFD9C1DB4D51800885B4E /* ThreadingRuntimeProvider.swift */; };
		8C5EFE261DB4D51900885B4E /* ThreadLocalProvider.swift in Sources */ = {isa = PBXBuildFile; fileRef = 8C5EFD9D1DB4D51800885B4E /* ThreadLocalProvider.swift */; };
		8C5EFE271DB4D51900885B4E /* ThreadLocalProvider.swift in Sources */ = {isa = PBXBuildFile; fileRef = 8C5EFD9D1DB4D51800885B4E /* ThreadLocalProvider.swift */; };
		8C5EFE281DB4D51900885B4E /* Promise.swift in Sources */ = {isa = PBXBuildFile; fileRef = 8C5EFD9F1DB4D51800885B4E /* Promise.swift */; };
		8C5EFE291DB4D51900885B4E /* Promise.swift in Sources */ = {isa = PBXBuildFile; fileRef = 8C5EFD9F1DB4D51800885B4E /* Promise.swift */; };
		8C5EFE2A1DB4D51900885B4E /* PromiseFunc.swift in Sources */ = {isa = PBXBuildFile; fileRef = 8C5EFDA01DB4D51800885B4E /* PromiseFunc.swift */; };
		8C5EFE2B1DB4D51900885B4E /* PromiseFunc.swift in Sources */ = {isa = PBXBuildFile; fileRef = 8C5EFDA01DB4D51800885B4E /* PromiseFunc.swift */; };
		8C5EFE2C1DB4D51900885B4E /* PromiseResolver.swift in Sources */ = {isa = PBXBuildFile; fileRef = 8C5EFDA11DB4D51800885B4E /* PromiseResolver.swift */; };
		8C5EFE2D1DB4D51900885B4E /* PromiseResolver.swift in Sources */ = {isa = PBXBuildFile; fileRef = 8C5EFDA11DB4D51800885B4E /* PromiseResolver.swift */; };
		8C5EFE2E1DB4D51900885B4E /* Promises.swift in Sources */ = {isa = PBXBuildFile; fileRef = 8C5EFDA21DB4D51800885B4E /* Promises.swift */; };
		8C5EFE2F1DB4D51900885B4E /* Promises.swift in Sources */ = {isa = PBXBuildFile; fileRef = 8C5EFDA21DB4D51800885B4E /* Promises.swift */; };
		8C5EFE301DB4D51900885B4E /* PromisesArray.swift in Sources */ = {isa = PBXBuildFile; fileRef = 8C5EFDA31DB4D51800885B4E /* PromisesArray.swift */; };
		8C5EFE311DB4D51900885B4E /* PromisesArray.swift in Sources */ = {isa = PBXBuildFile; fileRef = 8C5EFDA31DB4D51800885B4E /* PromisesArray.swift */; };
		8C5EFE321DB4D51900885B4E /* PromiseTools.swift in Sources */ = {isa = PBXBuildFile; fileRef = 8C5EFDA41DB4D51800885B4E /* PromiseTools.swift */; };
		8C5EFE331DB4D51900885B4E /* PromiseTools.swift in Sources */ = {isa = PBXBuildFile; fileRef = 8C5EFDA41DB4D51800885B4E /* PromiseTools.swift */; };
		8C5EFE341DB4D51900885B4E /* DispatcherRuntime.swift in Sources */ = {isa = PBXBuildFile; fileRef = 8C5EFDA61DB4D51800885B4E /* DispatcherRuntime.swift */; };
		8C5EFE351DB4D51900885B4E /* DispatcherRuntime.swift in Sources */ = {isa = PBXBuildFile; fileRef = 8C5EFDA61DB4D51800885B4E /* DispatcherRuntime.swift */; };
		8C5EFE361DB4D51900885B4E /* Errors.swift in Sources */ = {isa = PBXBuildFile; fileRef = 8C5EFDA71DB4D51800885B4E /* Errors.swift */; };
		8C5EFE371DB4D51900885B4E /* Errors.swift in Sources */ = {isa = PBXBuildFile; fileRef = 8C5EFDA71DB4D51800885B4E /* Errors.swift */; };
		8C5EFE381DB4D51900885B4E /* Log.swift in Sources */ = {isa = PBXBuildFile; fileRef = 8C5EFDA81DB4D51800885B4E /* Log.swift */; };
		8C5EFE391DB4D51900885B4E /* Log.swift in Sources */ = {isa = PBXBuildFile; fileRef = 8C5EFDA81DB4D51800885B4E /* Log.swift */; };
		8C5EFE3A1DB4D51900885B4E /* LogRuntime.swift in Sources */ = {isa = PBXBuildFile; fileRef = 8C5EFDA91DB4D51800885B4E /* LogRuntime.swift */; };
		8C5EFE3B1DB4D51900885B4E /* LogRuntime.swift in Sources */ = {isa = PBXBuildFile; fileRef = 8C5EFDA91DB4D51800885B4E /* LogRuntime.swift */; };
		8C5EFE3C1DB4D51900885B4E /* MainThreadRuntime.swift in Sources */ = {isa = PBXBuildFile; fileRef = 8C5EFDAA1DB4D51800885B4E /* MainThreadRuntime.swift */; };
		8C5EFE3D1DB4D51900885B4E /* MainThreadRuntime.swift in Sources */ = {isa = PBXBuildFile; fileRef = 8C5EFDAA1DB4D51800885B4E /* MainThreadRuntime.swift */; };
		8C5EFE3E1DB4D51900885B4E /* Runtime.swift in Sources */ = {isa = PBXBuildFile; fileRef = 8C5EFDAB1DB4D51800885B4E /* Runtime.swift */; };
		8C5EFE3F1DB4D51900885B4E /* Runtime.swift in Sources */ = {isa = PBXBuildFile; fileRef = 8C5EFDAB1DB4D51800885B4E /* Runtime.swift */; };
		8C5EFE401DB4D51900885B4E /* RuntimeEnvironment.swift in Sources */ = {isa = PBXBuildFile; fileRef = 8C5EFDAC1DB4D51800885B4E /* RuntimeEnvironment.swift */; };
		8C5EFE411DB4D51900885B4E /* RuntimeEnvironment.swift in Sources */ = {isa = PBXBuildFile; fileRef = 8C5EFDAC1DB4D51800885B4E /* RuntimeEnvironment.swift */; };
		8C5EFE421DB4D51900885B4E /* ThreadingRuntime.swift in Sources */ = {isa = PBXBuildFile; fileRef = 8C5EFDAD1DB4D51800885B4E /* ThreadingRuntime.swift */; };
		8C5EFE431DB4D51900885B4E /* ThreadingRuntime.swift in Sources */ = {isa = PBXBuildFile; fileRef = 8C5EFDAD1DB4D51800885B4E /* ThreadingRuntime.swift */; };
		8C5EFE441DB4D51900885B4E /* AtomicIntegerCompat.swift in Sources */ = {isa = PBXBuildFile; fileRef = 8C5EFDAF1DB4D51800885B4E /* AtomicIntegerCompat.swift */; };
		8C5EFE451DB4D51900885B4E /* AtomicIntegerCompat.swift in Sources */ = {isa = PBXBuildFile; fileRef = 8C5EFDAF1DB4D51800885B4E /* AtomicIntegerCompat.swift */; };
		8C5EFE461DB4D51900885B4E /* AtomicLongCompat.swift in Sources */ = {isa = PBXBuildFile; fileRef = 8C5EFDB01DB4D51800885B4E /* AtomicLongCompat.swift */; };
		8C5EFE471DB4D51900885B4E /* AtomicLongCompat.swift in Sources */ = {isa = PBXBuildFile; fileRef = 8C5EFDB01DB4D51800885B4E /* AtomicLongCompat.swift */; };
		8C5EFE481DB4D51900885B4E /* CommonTimer.swift in Sources */ = {isa = PBXBuildFile; fileRef = 8C5EFDB11DB4D51800885B4E /* CommonTimer.swift */; };
		8C5EFE491DB4D51900885B4E /* CommonTimer.swift in Sources */ = {isa = PBXBuildFile; fileRef = 8C5EFDB11DB4D51800885B4E /* CommonTimer.swift */; };
		8C5EFE4A1DB4D51900885B4E /* DispatchCancel.swift in Sources */ = {isa = PBXBuildFile; fileRef = 8C5EFDB21DB4D51800885B4E /* DispatchCancel.swift */; };
		8C5EFE4B1DB4D51900885B4E /* DispatchCancel.swift in Sources */ = {isa = PBXBuildFile; fileRef = 8C5EFDB21DB4D51800885B4E /* DispatchCancel.swift */; };
		8C5EFE4C1DB4D51900885B4E /* Dispatcher.swift in Sources */ = {isa = PBXBuildFile; fileRef = 8C5EFDB31DB4D51800885B4E /* Dispatcher.swift */; };
		8C5EFE4D1DB4D51900885B4E /* Dispatcher.swift in Sources */ = {isa = PBXBuildFile; fileRef = 8C5EFDB31DB4D51800885B4E /* Dispatcher.swift */; };
		8C5EFE4E1DB4D51900885B4E /* ImmediateDispatcher.swift in Sources */ = {isa = PBXBuildFile; fileRef = 8C5EFDB41DB4D51800885B4E /* ImmediateDispatcher.swift */; };
		8C5EFE4F1DB4D51900885B4E /* ImmediateDispatcher.swift in Sources */ = {isa = PBXBuildFile; fileRef = 8C5EFDB41DB4D51800885B4E /* ImmediateDispatcher.swift */; };
		8C5EFE501DB4D51900885B4E /* Lock.swift in Sources */ = {isa = PBXBuildFile; fileRef = 8C5EFDB51DB4D51800885B4E /* Lock.swift */; };
		8C5EFE511DB4D51900885B4E /* Lock.swift in Sources */ = {isa = PBXBuildFile; fileRef = 8C5EFDB51DB4D51800885B4E /* Lock.swift */; };
		8C5EFE521DB4D51900885B4E /* SimpleDispatcher.swift in Sources */ = {isa = PBXBuildFile; fileRef = 8C5EFDB61DB4D51800885B4E /* SimpleDispatcher.swift */; };
		8C5EFE531DB4D51900885B4E /* SimpleDispatcher.swift in Sources */ = {isa = PBXBuildFile; fileRef = 8C5EFDB61DB4D51800885B4E /* SimpleDispatcher.swift */; };
		8C5EFE541DB4D51900885B4E /* ThreadDispatcher.swift in Sources */ = {isa = PBXBuildFile; fileRef = 8C5EFDB71DB4D51800885B4E /* ThreadDispatcher.swift */; };
		8C5EFE551DB4D51900885B4E /* ThreadDispatcher.swift in Sources */ = {isa = PBXBuildFile; fileRef = 8C5EFDB71DB4D51800885B4E /* ThreadDispatcher.swift */; };
		8C5EFE561DB4D51900885B4E /* ThreadLocalCompat.swift in Sources */ = {isa = PBXBuildFile; fileRef = 8C5EFDB81DB4D51800885B4E /* ThreadLocalCompat.swift */; };
		8C5EFE571DB4D51900885B4E /* ThreadLocalCompat.swift in Sources */ = {isa = PBXBuildFile; fileRef = 8C5EFDB81DB4D51800885B4E /* ThreadLocalCompat.swift */; };
		8C5EFE581DB4D51900885B4E /* WeakReferenceCompat.swift in Sources */ = {isa = PBXBuildFile; fileRef = 8C5EFDB91DB4D51800885B4E /* WeakReferenceCompat.swift */; };
		8C5EFE591DB4D51900885B4E /* WeakReferenceCompat.swift in Sources */ = {isa = PBXBuildFile; fileRef = 8C5EFDB91DB4D51800885B4E /* WeakReferenceCompat.swift */; };
		8C5EFE5A1DB4D6C600885B4E /* Aojet.h in Headers */ = {isa = PBXBuildFile; fileRef = 8C5EFD571DB4D39700885B4E /* Aojet.h */; settings = {ATTRIBUTES = (Public, ); }; };
/* End PBXBuildFile section */

/* Begin PBXContainerItemProxy section */
		8C3F57191DA7348C00FBD824 /* PBXContainerItemProxy */ = {
			isa = PBXContainerItemProxy;
			containerPortal = 8C3F57051DA7348C00FBD824 /* Project object */;
			proxyType = 1;
			remoteGlobalIDString = 8C3F570D1DA7348C00FBD824;
			remoteInfo = Aojet;
		};
		8C3F58181DA737E200FBD824 /* PBXContainerItemProxy */ = {
			isa = PBXContainerItemProxy;
			containerPortal = 8C3F57051DA7348C00FBD824 /* Project object */;
			proxyType = 1;
			remoteGlobalIDString = 8C3F570D1DA7348C00FBD824;
			remoteInfo = Aojet;
		};
/* End PBXContainerItemProxy section */

/* Begin PBXFileReference section */
		8C3F570E1DA7348C00FBD824 /* Aojet.framework */ = {isa = PBXFileReference; explicitFileType = wrapper.framework; includeInIndex = 0; path = Aojet.framework; sourceTree = BUILT_PRODUCTS_DIR; };
		8C3F57111DA7348C00FBD824 /* Aojet.h */ = {isa = PBXFileReference; lastKnownFileType = sourcecode.c.h; path = Aojet.h; sourceTree = "<group>"; };
		8C3F57121DA7348C00FBD824 /* Info.plist */ = {isa = PBXFileReference; lastKnownFileType = text.plist.xml; path = Info.plist; sourceTree = "<group>"; };
		8C3F57171DA7348C00FBD824 /* Tests.xctest */ = {isa = PBXFileReference; explicitFileType = wrapper.cfbundle; includeInIndex = 0; path = Tests.xctest; sourceTree = BUILT_PRODUCTS_DIR; };
		8C3F571E1DA7348C00FBD824 /* Info.plist */ = {isa = PBXFileReference; lastKnownFileType = text.plist.xml; path = Info.plist; sourceTree = "<group>"; };
		8C3F57E21DA7373B00FBD824 /* AojetDemo.app */ = {isa = PBXFileReference; explicitFileType = wrapper.application; includeInIndex = 0; path = AojetDemo.app; sourceTree = BUILT_PRODUCTS_DIR; };
		8C3F57E41DA7373B00FBD824 /* AppDelegate.swift */ = {isa = PBXFileReference; lastKnownFileType = sourcecode.swift; path = AppDelegate.swift; sourceTree = "<group>"; };
		8C3F57E61DA7373B00FBD824 /* FirstViewController.swift */ = {isa = PBXFileReference; lastKnownFileType = sourcecode.swift; path = FirstViewController.swift; sourceTree = "<group>"; };
		8C3F57E81DA7373B00FBD824 /* SecondViewController.swift */ = {isa = PBXFileReference; lastKnownFileType = sourcecode.swift; path = SecondViewController.swift; sourceTree = "<group>"; };
		8C3F57EB1DA7373B00FBD824 /* Base */ = {isa = PBXFileReference; lastKnownFileType = file.storyboard; name = Base; path = Base.lproj/Main.storyboard; sourceTree = "<group>"; };
		8C3F57ED1DA7373B00FBD824 /* Assets.xcassets */ = {isa = PBXFileReference; lastKnownFileType = folder.assetcatalog; path = Assets.xcassets; sourceTree = "<group>"; };
		8C3F57F01DA7373B00FBD824 /* Base */ = {isa = PBXFileReference; lastKnownFileType = file.storyboard; name = Base; path = Base.lproj/LaunchScreen.storyboard; sourceTree = "<group>"; };
		8C3F57F21DA7373B00FBD824 /* Info.plist */ = {isa = PBXFileReference; lastKnownFileType = text.plist.xml; path = Info.plist; sourceTree = "<group>"; };
		8C3F58161DA737D000FBD824 /* DemoActor.swift */ = {isa = PBXFileReference; fileEncoding = 4; lastKnownFileType = sourcecode.swift; path = DemoActor.swift; sourceTree = "<group>"; };
		8C4563E21DB3CAAE009C90D2 /* AojetTests.swift */ = {isa = PBXFileReference; fileEncoding = 4; lastKnownFileType = sourcecode.swift; path = AojetTests.swift; sourceTree = "<group>"; };
		8C5EFD551DB4D39700885B4E /* Aojet.framework */ = {isa = PBXFileReference; explicitFileType = wrapper.framework; includeInIndex = 0; path = Aojet.framework; sourceTree = BUILT_PRODUCTS_DIR; };
		8C5EFD571DB4D39700885B4E /* Aojet.h */ = {isa = PBXFileReference; lastKnownFileType = sourcecode.c.h; path = Aojet.h; sourceTree = "<group>"; };
		8C5EFD581DB4D39700885B4E /* Info.plist */ = {isa = PBXFileReference; lastKnownFileType = text.plist.xml; path = Info.plist; sourceTree = "<group>"; };
		8C5EFD601DB4D51800885B4E /* Actor.swift */ = {isa = PBXFileReference; fileEncoding = 4; lastKnownFileType = sourcecode.swift; path = Actor.swift; sourceTree = "<group>"; };
		8C5EFD611DB4D51800885B4E /* ActorCancellable.swift */ = {isa = PBXFileReference; fileEncoding = 4; lastKnownFileType = sourcecode.swift; path = ActorCancellable.swift; sourceTree = "<group>"; };
		8C5EFD621DB4D51800885B4E /* ActorContext.swift */ = {isa = PBXFileReference; fileEncoding = 4; lastKnownFileType = sourcecode.swift; path = ActorContext.swift; sourceTree = "<group>"; };
		8C5EFD631DB4D51800885B4E /* ActorCreator.swift */ = {isa = PBXFileReference; fileEncoding = 4; lastKnownFileType = sourcecode.swift; path = ActorCreator.swift; sourceTree = "<group>"; };
		8C5EFD641DB4D51800885B4E /* ActorRef.swift */ = {isa = PBXFileReference; fileEncoding = 4; lastKnownFileType = sourcecode.swift; path = ActorRef.swift; sourceTree = "<group>"; };
		8C5EFD651DB4D51800885B4E /* ActorScope.swift */ = {isa = PBXFileReference; fileEncoding = 4; lastKnownFileType = sourcecode.swift; path = ActorScope.swift; sourceTree = "<group>"; };
		8C5EFD661DB4D51800885B4E /* ActorSelection.swift */ = {isa = PBXFileReference; fileEncoding = 4; lastKnownFileType = sourcecode.swift; path = ActorSelection.swift; sourceTree = "<group>"; };
		8C5EFD671DB4D51800885B4E /* ActorSupervisor.swift */ = {isa = PBXFileReference; fileEncoding = 4; lastKnownFileType = sourcecode.swift; path = ActorSupervisor.swift; sourceTree = "<group>"; };
		8C5EFD681DB4D51800885B4E /* ActorSystem.swift */ = {isa = PBXFileReference; fileEncoding = 4; lastKnownFileType = sourcecode.swift; path = ActorSystem.swift; sourceTree = "<group>"; };
		8C5EFD691DB4D51800885B4E /* ActorTime.swift */ = {isa = PBXFileReference; fileEncoding = 4; lastKnownFileType = sourcecode.swift; path = ActorTime.swift; sourceTree = "<group>"; };
		8C5EFD6B1DB4D51800885B4E /* AskInternalRequest.swift */ = {isa = PBXFileReference; fileEncoding = 4; lastKnownFileType = sourcecode.swift; path = AskInternalRequest.swift; sourceTree = "<group>"; };
		8C5EFD6C1DB4D51800885B4E /* AskMessage.swift */ = {isa = PBXFileReference; fileEncoding = 4; lastKnownFileType = sourcecode.swift; path = AskMessage.swift; sourceTree = "<group>"; };
		8C5EFD6D1DB4D51800885B4E /* AskableActor.swift */ = {isa = PBXFileReference; fileEncoding = 4; lastKnownFileType = sourcecode.swift; path = AskableActor.swift; sourceTree = "<group>"; };
		8C5EFD6F1DB4D51800885B4E /* ActorDispatcher.swift */ = {isa = PBXFileReference; fileEncoding = 4; lastKnownFileType = sourcecode.swift; path = ActorDispatcher.swift; sourceTree = "<group>"; };
		8C5EFD701DB4D51800885B4E /* ActorEndpoint.swift */ = {isa = PBXFileReference; fileEncoding = 4; lastKnownFileType = sourcecode.swift; path = ActorEndpoint.swift; sourceTree = "<group>"; };
		8C5EFD711DB4D51800885B4E /* Envelope.swift */ = {isa = PBXFileReference; fileEncoding = 4; lastKnownFileType = sourcecode.swift; path = Envelope.swift; sourceTree = "<group>"; };
		8C5EFD721DB4D51800885B4E /* Mailbox.swift */ = {isa = PBXFileReference; fileEncoding = 4; lastKnownFileType = sourcecode.swift; path = Mailbox.swift; sourceTree = "<group>"; };
		8C5EFD741DB4D51800885B4E /* Queue.swift */ = {isa = PBXFileReference; fileEncoding = 4; lastKnownFileType = sourcecode.swift; path = Queue.swift; sourceTree = "<group>"; };
		8C5EFD751DB4D51800885B4E /* QueueCollection.swift */ = {isa = PBXFileReference; fileEncoding = 4; lastKnownFileType = sourcecode.swift; path = QueueCollection.swift; sourceTree = "<group>"; };
		8C5EFD761DB4D51800885B4E /* QueueCollectionListener.swift */ = {isa = PBXFileReference; fileEncoding = 4; lastKnownFileType = sourcecode.swift; path = QueueCollectionListener.swift; sourceTree = "<group>"; };
		8C5EFD771DB4D51800885B4E /* QueueDispatcher.swift */ = {isa = PBXFileReference; fileEncoding = 4; lastKnownFileType = sourcecode.swift; path = QueueDispatcher.swift; sourceTree = "<group>"; };
		8C5EFD781DB4D51800885B4E /* QueueFetchResult.swift */ = {isa = PBXFileReference; fileEncoding = 4; lastKnownFileType = sourcecode.swift; path = QueueFetchResult.swift; sourceTree = "<group>"; };
		8C5EFD7A1DB4D51800885B4E /* DeadLetter.swift */ = {isa = PBXFileReference; fileEncoding = 4; lastKnownFileType = sourcecode.swift; path = DeadLetter.swift; sourceTree = "<group>"; };
		8C5EFD7B1DB4D51800885B4E /* PoisonPill.swift */ = {isa = PBXFileReference; fileEncoding = 4; lastKnownFileType = sourcecode.swift; path = PoisonPill.swift; sourceTree = "<group>"; };
		8C5EFD7C1DB4D51800885B4E /* StartActor.swift */ = {isa = PBXFileReference; fileEncoding = 4; lastKnownFileType = sourcecode.swift; path = StartActor.swift; sourceTree = "<group>"; };
		8C5EFD7D1DB4D51800885B4E /* StashBegin.swift */ = {isa = PBXFileReference; fileEncoding = 4; lastKnownFileType = sourcecode.swift; path = StashBegin.swift; sourceTree = "<group>"; };
		8C5EFD7E1DB4D51800885B4E /* StashEnd.swift */ = {isa = PBXFileReference; fileEncoding = 4; lastKnownFileType = sourcecode.swift; path = StashEnd.swift; sourceTree = "<group>"; };
		8C5EFD7F1DB4D51800885B4E /* StashIgnore.swift */ = {isa = PBXFileReference; fileEncoding = 4; lastKnownFileType = sourcecode.swift; path = StashIgnore.swift; sourceTree = "<group>"; };
		8C5EFD801DB4D51800885B4E /* Props.swift */ = {isa = PBXFileReference; fileEncoding = 4; lastKnownFileType = sourcecode.swift; path = Props.swift; sourceTree = "<group>"; };
		8C5EFD811DB4D51800885B4E /* Receiver.swift */ = {isa = PBXFileReference; fileEncoding = 4; lastKnownFileType = sourcecode.swift; path = Receiver.swift; sourceTree = "<group>"; };
		8C5EFD821DB4D51800885B4E /* Runnable.swift */ = {isa = PBXFileReference; fileEncoding = 4; lastKnownFileType = sourcecode.swift; path = Runnable.swift; sourceTree = "<group>"; };
		8C5EFD831DB4D51800885B4E /* Scheduler.swift */ = {isa = PBXFileReference; fileEncoding = 4; lastKnownFileType = sourcecode.swift; path = Scheduler.swift; sourceTree = "<group>"; };
		8C5EFD841DB4D51800885B4E /* StashedMessage.swift */ = {isa = PBXFileReference; fileEncoding = 4; lastKnownFileType = sourcecode.swift; path = StashedMessage.swift; sourceTree = "<group>"; };
		8C5EFD851DB4D51800885B4E /* ThreadPriority.swift */ = {isa = PBXFileReference; fileEncoding = 4; lastKnownFileType = sourcecode.swift; path = ThreadPriority.swift; sourceTree = "<group>"; };
		8C5EFD871DB4D51800885B4E /* BounceFilterActor.swift */ = {isa = PBXFileReference; fileEncoding = 4; lastKnownFileType = sourcecode.swift; path = BounceFilterActor.swift; sourceTree = "<group>"; };
		8C5EFD881DB4D51800885B4E /* TraceInterface.swift */ = {isa = PBXFileReference; fileEncoding = 4; lastKnownFileType = sourcecode.swift; path = TraceInterface.swift; sourceTree = "<group>"; };
		8C5EFD8A1DB4D51800885B4E /* Cancellable.swift */ = {isa = PBXFileReference; fileEncoding = 4; lastKnownFileType = sourcecode.swift; path = Cancellable.swift; sourceTree = "<group>"; };
		8C5EFD8B1DB4D51800885B4E /* Comparator.swift */ = {isa = PBXFileReference; fileEncoding = 4; lastKnownFileType = sourcecode.swift; path = Comparator.swift; sourceTree = "<group>"; };
		8C5EFD8C1DB4D51800885B4E /* Constructor.swift */ = {isa = PBXFileReference; fileEncoding = 4; lastKnownFileType = sourcecode.swift; path = Constructor.swift; sourceTree = "<group>"; };
		8C5EFD8D1DB4D51800885B4E /* Consumer.swift */ = {isa = PBXFileReference; fileEncoding = 4; lastKnownFileType = sourcecode.swift; path = Consumer.swift; sourceTree = "<group>"; };
		8C5EFD8E1DB4D51800885B4E /* Either.swift */ = {isa = PBXFileReference; fileEncoding = 4; lastKnownFileType = sourcecode.swift; path = Either.swift; sourceTree = "<group>"; };
		8C5EFD8F1DB4D51800885B4E /* Function.swift */ = {isa = PBXFileReference; fileEncoding = 4; lastKnownFileType = sourcecode.swift; path = Function.swift; sourceTree = "<group>"; };
		8C5EFD901DB4D51800885B4E /* Identifiable.swift */ = {isa = PBXFileReference; fileEncoding = 4; lastKnownFileType = sourcecode.swift; path = Identifiable.swift; sourceTree = "<group>"; };
		8C5EFD911DB4D51800885B4E /* Predicate.swift */ = {isa = PBXFileReference; fileEncoding = 4; lastKnownFileType = sourcecode.swift; path = Predicate.swift; sourceTree = "<group>"; };
		8C5EFD921DB4D51800885B4E /* Supplier.swift */ = {isa = PBXFileReference; fileEncoding = 4; lastKnownFileType = sourcecode.swift; path = Supplier.swift; sourceTree = "<group>"; };
		8C5EFD941DB4D51800885B4E /* AtomicIntegerProvider.swift */ = {isa = PBXFileReference; fileEncoding = 4; lastKnownFileType = sourcecode.swift; path = AtomicIntegerProvider.swift; sourceTree = "<group>"; };
		8C5EFD951DB4D51800885B4E /* AtomicLongProvider.swift */ = {isa = PBXFileReference; fileEncoding = 4; lastKnownFileType = sourcecode.swift; path = AtomicLongProvider.swift; sourceTree = "<group>"; };
		8C5EFD961DB4D51800885B4E /* DispatcherProvider.swift */ = {isa = PBXFileReference; fileEncoding = 4; lastKnownFileType = sourcecode.swift; path = DispatcherProvider.swift; sourceTree = "<group>"; };
		8C5EFD971DB4D51800885B4E /* DispatcherRuntimeProvider.swift */ = {isa = PBXFileReference; fileEncoding = 4; lastKnownFileType = sourcecode.swift; path = DispatcherRuntimeProvider.swift; sourceTree = "<group>"; };
		8C5EFD981DB4D51800885B4E /* ImmediateDispatcherProvider.swift */ = {isa = PBXFileReference; fileEncoding = 4; lastKnownFileType = sourcecode.swift; path = ImmediateDispatcherProvider.swift; sourceTree = "<group>"; };
		8C5EFD991DB4D51800885B4E /* LockProvider.swift */ = {isa = PBXFileReference; fileEncoding = 4; lastKnownFileType = sourcecode.swift; path = LockProvider.swift; sourceTree = "<group>"; };
		8C5EFD9A1DB4D51800885B4E /* LogRuntimeProvider.swift */ = {isa = PBXFileReference; fileEncoding = 4; lastKnownFileType = sourcecode.swift; path = LogRuntimeProvider.swift; sourceTree = "<group>"; };
		8C5EFD9B1DB4D51800885B4E /* MainThreadRuntimeProvider.swift */ = {isa = PBXFileReference; fileEncoding = 4; lastKnownFileType = sourcecode.swift; path = MainThreadRuntimeProvider.swift; sourceTree = "<group>"; };
		8C5EFD9C1DB4D51800885B4E /* ThreadingRuntimeProvider.swift */ = {isa = PBXFileReference; fileEncoding = 4; lastKnownFileType = sourcecode.swift; path = ThreadingRuntimeProvider.swift; sourceTree = "<group>"; };
		8C5EFD9D1DB4D51800885B4E /* ThreadLocalProvider.swift */ = {isa = PBXFileReference; fileEncoding = 4; lastKnownFileType = sourcecode.swift; path = ThreadLocalProvider.swift; sourceTree = "<group>"; };
		8C5EFD9F1DB4D51800885B4E /* Promise.swift */ = {isa = PBXFileReference; fileEncoding = 4; lastKnownFileType = sourcecode.swift; path = Promise.swift; sourceTree = "<group>"; };
		8C5EFDA01DB4D51800885B4E /* PromiseFunc.swift */ = {isa = PBXFileReference; fileEncoding = 4; lastKnownFileType = sourcecode.swift; path = PromiseFunc.swift; sourceTree = "<group>"; };
		8C5EFDA11DB4D51800885B4E /* PromiseResolver.swift */ = {isa = PBXFileReference; fileEncoding = 4; lastKnownFileType = sourcecode.swift; path = PromiseResolver.swift; sourceTree = "<group>"; };
		8C5EFDA21DB4D51800885B4E /* Promises.swift */ = {isa = PBXFileReference; fileEncoding = 4; lastKnownFileType = sourcecode.swift; path = Promises.swift; sourceTree = "<group>"; };
		8C5EFDA31DB4D51800885B4E /* PromisesArray.swift */ = {isa = PBXFileReference; fileEncoding = 4; lastKnownFileType = sourcecode.swift; path = PromisesArray.swift; sourceTree = "<group>"; };
		8C5EFDA41DB4D51800885B4E /* PromiseTools.swift */ = {isa = PBXFileReference; fileEncoding = 4; lastKnownFileType = sourcecode.swift; path = PromiseTools.swift; sourceTree = "<group>"; };
		8C5EFDA61DB4D51800885B4E /* DispatcherRuntime.swift */ = {isa = PBXFileReference; fileEncoding = 4; lastKnownFileType = sourcecode.swift; path = DispatcherRuntime.swift; sourceTree = "<group>"; };
		8C5EFDA71DB4D51800885B4E /* Errors.swift */ = {isa = PBXFileReference; fileEncoding = 4; lastKnownFileType = sourcecode.swift; path = Errors.swift; sourceTree = "<group>"; };
		8C5EFDA81DB4D51800885B4E /* Log.swift */ = {isa = PBXFileReference; fileEncoding = 4; lastKnownFileType = sourcecode.swift; path = Log.swift; sourceTree = "<group>"; };
		8C5EFDA91DB4D51800885B4E /* LogRuntime.swift */ = {isa = PBXFileReference; fileEncoding = 4; lastKnownFileType = sourcecode.swift; path = LogRuntime.swift; sourceTree = "<group>"; };
		8C5EFDAA1DB4D51800885B4E /* MainThreadRuntime.swift */ = {isa = PBXFileReference; fileEncoding = 4; lastKnownFileType = sourcecode.swift; path = MainThreadRuntime.swift; sourceTree = "<group>"; };
		8C5EFDAB1DB4D51800885B4E /* Runtime.swift */ = {isa = PBXFileReference; fileEncoding = 4; lastKnownFileType = sourcecode.swift; path = Runtime.swift; sourceTree = "<group>"; };
		8C5EFDAC1DB4D51800885B4E /* RuntimeEnvironment.swift */ = {isa = PBXFileReference; fileEncoding = 4; lastKnownFileType = sourcecode.swift; path = RuntimeEnvironment.swift; sourceTree = "<group>"; };
		8C5EFDAD1DB4D51800885B4E /* ThreadingRuntime.swift */ = {isa = PBXFileReference; fileEncoding = 4; lastKnownFileType = sourcecode.swift; path = ThreadingRuntime.swift; sourceTree = "<group>"; };
		8C5EFDAF1DB4D51800885B4E /* AtomicIntegerCompat.swift */ = {isa = PBXFileReference; fileEncoding = 4; lastKnownFileType = sourcecode.swift; path = AtomicIntegerCompat.swift; sourceTree = "<group>"; };
		8C5EFDB01DB4D51800885B4E /* AtomicLongCompat.swift */ = {isa = PBXFileReference; fileEncoding = 4; lastKnownFileType = sourcecode.swift; path = AtomicLongCompat.swift; sourceTree = "<group>"; };
		8C5EFDB11DB4D51800885B4E /* CommonTimer.swift */ = {isa = PBXFileReference; fileEncoding = 4; lastKnownFileType = sourcecode.swift; path = CommonTimer.swift; sourceTree = "<group>"; };
		8C5EFDB21DB4D51800885B4E /* DispatchCancel.swift */ = {isa = PBXFileReference; fileEncoding = 4; lastKnownFileType = sourcecode.swift; path = DispatchCancel.swift; sourceTree = "<group>"; };
		8C5EFDB31DB4D51800885B4E /* Dispatcher.swift */ = {isa = PBXFileReference; fileEncoding = 4; lastKnownFileType = sourcecode.swift; path = Dispatcher.swift; sourceTree = "<group>"; };
		8C5EFDB41DB4D51800885B4E /* ImmediateDispatcher.swift */ = {isa = PBXFileReference; fileEncoding = 4; lastKnownFileType = sourcecode.swift; path = ImmediateDispatcher.swift; sourceTree = "<group>"; };
		8C5EFDB51DB4D51800885B4E /* Lock.swift */ = {isa = PBXFileReference; fileEncoding = 4; lastKnownFileType = sourcecode.swift; path = Lock.swift; sourceTree = "<group>"; };
		8C5EFDB61DB4D51800885B4E /* SimpleDispatcher.swift */ = {isa = PBXFileReference; fileEncoding = 4; lastKnownFileType = sourcecode.swift; path = SimpleDispatcher.swift; sourceTree = "<group>"; };
		8C5EFDB71DB4D51800885B4E /* ThreadDispatcher.swift */ = {isa = PBXFileReference; fileEncoding = 4; lastKnownFileType = sourcecode.swift; path = ThreadDispatcher.swift; sourceTree = "<group>"; };
		8C5EFDB81DB4D51800885B4E /* ThreadLocalCompat.swift */ = {isa = PBXFileReference; fileEncoding = 4; lastKnownFileType = sourcecode.swift; path = ThreadLocalCompat.swift; sourceTree = "<group>"; };
		8C5EFDB91DB4D51800885B4E /* WeakReferenceCompat.swift */ = {isa = PBXFileReference; fileEncoding = 4; lastKnownFileType = sourcecode.swift; path = WeakReferenceCompat.swift; sourceTree = "<group>"; };
/* End PBXFileReference section */

/* Begin PBXFrameworksBuildPhase section */
		8C3F570A1DA7348C00FBD824 /* Frameworks */ = {
			isa = PBXFrameworksBuildPhase;
			buildActionMask = 2147483647;
			files = (
			);
			runOnlyForDeploymentPostprocessing = 0;
		};
		8C3F57141DA7348C00FBD824 /* Frameworks */ = {
			isa = PBXFrameworksBuildPhase;
			buildActionMask = 2147483647;
			files = (
				8C3F57181DA7348C00FBD824 /* Aojet.framework in Frameworks */,
			);
			runOnlyForDeploymentPostprocessing = 0;
		};
		8C3F57DF1DA7373B00FBD824 /* Frameworks */ = {
			isa = PBXFrameworksBuildPhase;
			buildActionMask = 2147483647;
			files = (
				8C3F581A1DA737ED00FBD824 /* Aojet.framework in Frameworks */,
			);
			runOnlyForDeploymentPostprocessing = 0;
		};
		8C5EFD511DB4D39700885B4E /* Frameworks */ = {
			isa = PBXFrameworksBuildPhase;
			buildActionMask = 2147483647;
			files = (
			);
			runOnlyForDeploymentPostprocessing = 0;
		};
/* End PBXFrameworksBuildPhase section */

/* Begin PBXGroup section */
		8C3F57041DA7348C00FBD824 = {
			isa = PBXGroup;
			children = (
				8C3F57101DA7348C00FBD824 /* Aojet-iOS */,
				8C3F57E31DA7373B00FBD824 /* AojetDemo */,
				8C5EFD561DB4D39700885B4E /* Aojet-Mac */,
				8C3F570F1DA7348C00FBD824 /* Products */,
				8C5EFD5D1DB4D51800885B4E /* Sources */,
				8C3F571B1DA7348C00FBD824 /* Tests */,
			);
			sourceTree = "<group>";
		};
		8C3F570F1DA7348C00FBD824 /* Products */ = {
			isa = PBXGroup;
			children = (
				8C3F570E1DA7348C00FBD824 /* Aojet.framework */,
				8C3F57171DA7348C00FBD824 /* Tests.xctest */,
				8C3F57E21DA7373B00FBD824 /* AojetDemo.app */,
				8C5EFD551DB4D39700885B4E /* Aojet.framework */,
			);
			name = Products;
			sourceTree = "<group>";
		};
		8C3F57101DA7348C00FBD824 /* Aojet-iOS */ = {
			isa = PBXGroup;
			children = (
				8C3F57111DA7348C00FBD824 /* Aojet.h */,
				8C3F57121DA7348C00FBD824 /* Info.plist */,
			);
			path = "Aojet-iOS";
			sourceTree = "<group>";
		};
		8C3F571B1DA7348C00FBD824 /* Tests */ = {
			isa = PBXGroup;
			children = (
				8C4563E11DB3CAAE009C90D2 /* AojetTests */,
				8C3F571E1DA7348C00FBD824 /* Info.plist */,
			);
			path = Tests;
			sourceTree = "<group>";
		};
		8C3F57E31DA7373B00FBD824 /* AojetDemo */ = {
			isa = PBXGroup;
			children = (
				8C3F57E41DA7373B00FBD824 /* AppDelegate.swift */,
				8C3F57E61DA7373B00FBD824 /* FirstViewController.swift */,
				8C3F57E81DA7373B00FBD824 /* SecondViewController.swift */,
				8C3F57EA1DA7373B00FBD824 /* Main.storyboard */,
				8C3F57ED1DA7373B00FBD824 /* Assets.xcassets */,
				8C3F57EF1DA7373B00FBD824 /* LaunchScreen.storyboard */,
				8C3F57F21DA7373B00FBD824 /* Info.plist */,
				8C3F58161DA737D000FBD824 /* DemoActor.swift */,
			);
			path = AojetDemo;
			sourceTree = "<group>";
		};
		8C4563E11DB3CAAE009C90D2 /* AojetTests */ = {
			isa = PBXGroup;
			children = (
				8C4563E21DB3CAAE009C90D2 /* AojetTests.swift */,
			);
			path = AojetTests;
			sourceTree = "<group>";
		};
		8C5EFD561DB4D39700885B4E /* Aojet-Mac */ = {
			isa = PBXGroup;
			children = (
				8C5EFD571DB4D39700885B4E /* Aojet.h */,
				8C5EFD581DB4D39700885B4E /* Info.plist */,
			);
			path = "Aojet-Mac";
			sourceTree = "<group>";
		};
		8C5EFD5D1DB4D51800885B4E /* Sources */ = {
			isa = PBXGroup;
			children = (
				8C5EFD5E1DB4D51800885B4E /* Aojet */,
			);
			path = Sources;
			sourceTree = "<group>";
		};
		8C5EFD5E1DB4D51800885B4E /* Aojet */ = {
			isa = PBXGroup;
			children = (
				8C5EFD5F1DB4D51800885B4E /* actors */,
				8C5EFD891DB4D51800885B4E /* function */,
				8C5EFD931DB4D51800885B4E /* platform */,
				8C5EFD9E1DB4D51800885B4E /* promise */,
				8C5EFDA51DB4D51800885B4E /* runtime */,
				8C5EFDAE1DB4D51800885B4E /* threading */,
			);
			path = Aojet;
			sourceTree = "<group>";
		};
		8C5EFD5F1DB4D51800885B4E /* actors */ = {
			isa = PBXGroup;
			children = (
				8C5EFD601DB4D51800885B4E /* Actor.swift */,
				8C5EFD611DB4D51800885B4E /* ActorCancellable.swift */,
				8C5EFD621DB4D51800885B4E /* ActorContext.swift */,
				8C5EFD631DB4D51800885B4E /* ActorCreator.swift */,
				8C5EFD641DB4D51800885B4E /* ActorRef.swift */,
				8C5EFD651DB4D51800885B4E /* ActorScope.swift */,
				8C5EFD661DB4D51800885B4E /* ActorSelection.swift */,
				8C5EFD671DB4D51800885B4E /* ActorSupervisor.swift */,
				8C5EFD681DB4D51800885B4E /* ActorSystem.swift */,
				8C5EFD691DB4D51800885B4E /* ActorTime.swift */,
				8C5EFD6A1DB4D51800885B4E /* ask */,
				8C5EFD6D1DB4D51800885B4E /* AskableActor.swift */,
				8C5EFD6E1DB4D51800885B4E /* dispatch */,
				8C5EFD791DB4D51800885B4E /* messages */,
				8C5EFD801DB4D51800885B4E /* Props.swift */,
				8C5EFD811DB4D51800885B4E /* Receiver.swift */,
				8C5EFD821DB4D51800885B4E /* Runnable.swift */,
				8C5EFD831DB4D51800885B4E /* Scheduler.swift */,
				8C5EFD841DB4D51800885B4E /* StashedMessage.swift */,
				8C5EFD851DB4D51800885B4E /* ThreadPriority.swift */,
				8C5EFD861DB4D51800885B4E /* tools */,
				8C5EFD881DB4D51800885B4E /* TraceInterface.swift */,
			);
			path = actors;
			sourceTree = "<group>";
		};
		8C5EFD6A1DB4D51800885B4E /* ask */ = {
			isa = PBXGroup;
			children = (
				8C5EFD6B1DB4D51800885B4E /* AskInternalRequest.swift */,
				8C5EFD6C1DB4D51800885B4E /* AskMessage.swift */,
			);
			path = ask;
			sourceTree = "<group>";
		};
		8C5EFD6E1DB4D51800885B4E /* dispatch */ = {
			isa = PBXGroup;
			children = (
				8C5EFD6F1DB4D51800885B4E /* ActorDispatcher.swift */,
				8C5EFD701DB4D51800885B4E /* ActorEndpoint.swift */,
				8C5EFD711DB4D51800885B4E /* Envelope.swift */,
				8C5EFD721DB4D51800885B4E /* Mailbox.swift */,
				8C5EFD731DB4D51800885B4E /* queue */,
			);
			path = dispatch;
			sourceTree = "<group>";
		};
		8C5EFD731DB4D51800885B4E /* queue */ = {
			isa = PBXGroup;
			children = (
				8C5EFD741DB4D51800885B4E /* Queue.swift */,
				8C5EFD751DB4D51800885B4E /* QueueCollection.swift */,
				8C5EFD761DB4D51800885B4E /* QueueCollectionListener.swift */,
				8C5EFD771DB4D51800885B4E /* QueueDispatcher.swift */,
				8C5EFD781DB4D51800885B4E /* QueueFetchResult.swift */,
			);
			path = queue;
			sourceTree = "<group>";
		};
		8C5EFD791DB4D51800885B4E /* messages */ = {
			isa = PBXGroup;
			children = (
				8C5EFD7A1DB4D51800885B4E /* DeadLetter.swift */,
				8C5EFD7B1DB4D51800885B4E /* PoisonPill.swift */,
				8C5EFD7C1DB4D51800885B4E /* StartActor.swift */,
				8C5EFD7D1DB4D51800885B4E /* StashBegin.swift */,
				8C5EFD7E1DB4D51800885B4E /* StashEnd.swift */,
				8C5EFD7F1DB4D51800885B4E /* StashIgnore.swift */,
			);
			path = messages;
			sourceTree = "<group>";
		};
		8C5EFD861DB4D51800885B4E /* tools */ = {
			isa = PBXGroup;
			children = (
				8C5EFD871DB4D51800885B4E /* BounceFilterActor.swift */,
			);
			path = tools;
			sourceTree = "<group>";
		};
		8C5EFD891DB4D51800885B4E /* function */ = {
			isa = PBXGroup;
			children = (
				8C5EFD8A1DB4D51800885B4E /* Cancellable.swift */,
				8C5EFD8B1DB4D51800885B4E /* Comparator.swift */,
				8C5EFD8C1DB4D51800885B4E /* Constructor.swift */,
				8C5EFD8D1DB4D51800885B4E /* Consumer.swift */,
				8C5EFD8E1DB4D51800885B4E /* Either.swift */,
				8C5EFD8F1DB4D51800885B4E /* Function.swift */,
				8C5EFD901DB4D51800885B4E /* Identifiable.swift */,
				8C5EFD911DB4D51800885B4E /* Predicate.swift */,
				8C5EFD921DB4D51800885B4E /* Supplier.swift */,
			);
			path = function;
			sourceTree = "<group>";
		};
		8C5EFD931DB4D51800885B4E /* platform */ = {
			isa = PBXGroup;
			children = (
				8C5EFD941DB4D51800885B4E /* AtomicIntegerProvider.swift */,
				8C5EFD951DB4D51800885B4E /* AtomicLongProvider.swift */,
				8C5EFD961DB4D51800885B4E /* DispatcherProvider.swift */,
				8C5EFD971DB4D51800885B4E /* DispatcherRuntimeProvider.swift */,
				8C5EFD981DB4D51800885B4E /* ImmediateDispatcherProvider.swift */,
				8C5EFD991DB4D51800885B4E /* LockProvider.swift */,
				8C5EFD9A1DB4D51800885B4E /* LogRuntimeProvider.swift */,
				8C5EFD9B1DB4D51800885B4E /* MainThreadRuntimeProvider.swift */,
				8C5EFD9C1DB4D51800885B4E /* ThreadingRuntimeProvider.swift */,
				8C5EFD9D1DB4D51800885B4E /* ThreadLocalProvider.swift */,
			);
			path = platform;
			sourceTree = "<group>";
		};
		8C5EFD9E1DB4D51800885B4E /* promise */ = {
			isa = PBXGroup;
			children = (
				8C5EFD9F1DB4D51800885B4E /* Promise.swift */,
				8C5EFDA01DB4D51800885B4E /* PromiseFunc.swift */,
				8C5EFDA11DB4D51800885B4E /* PromiseResolver.swift */,
				8C5EFDA21DB4D51800885B4E /* Promises.swift */,
				8C5EFDA31DB4D51800885B4E /* PromisesArray.swift */,
				8C5EFDA41DB4D51800885B4E /* PromiseTools.swift */,
			);
			path = promise;
			sourceTree = "<group>";
		};
		8C5EFDA51DB4D51800885B4E /* runtime */ = {
			isa = PBXGroup;
			children = (
				8C5EFDA61DB4D51800885B4E /* DispatcherRuntime.swift */,
				8C5EFDA71DB4D51800885B4E /* Errors.swift */,
				8C5EFDA81DB4D51800885B4E /* Log.swift */,
				8C5EFDA91DB4D51800885B4E /* LogRuntime.swift */,
				8C5EFDAA1DB4D51800885B4E /* MainThreadRuntime.swift */,
				8C5EFDAB1DB4D51800885B4E /* Runtime.swift */,
				8C5EFDAC1DB4D51800885B4E /* RuntimeEnvironment.swift */,
				8C5EFDAD1DB4D51800885B4E /* ThreadingRuntime.swift */,
			);
			path = runtime;
			sourceTree = "<group>";
		};
		8C5EFDAE1DB4D51800885B4E /* threading */ = {
			isa = PBXGroup;
			children = (
				8C5EFDAF1DB4D51800885B4E /* AtomicIntegerCompat.swift */,
				8C5EFDB01DB4D51800885B4E /* AtomicLongCompat.swift */,
				8C5EFDB11DB4D51800885B4E /* CommonTimer.swift */,
				8C5EFDB21DB4D51800885B4E /* DispatchCancel.swift */,
				8C5EFDB31DB4D51800885B4E /* Dispatcher.swift */,
				8C5EFDB41DB4D51800885B4E /* ImmediateDispatcher.swift */,
				8C5EFDB51DB4D51800885B4E /* Lock.swift */,
				8C5EFDB61DB4D51800885B4E /* SimpleDispatcher.swift */,
				8C5EFDB71DB4D51800885B4E /* ThreadDispatcher.swift */,
				8C5EFDB81DB4D51800885B4E /* ThreadLocalCompat.swift */,
				8C5EFDB91DB4D51800885B4E /* WeakReferenceCompat.swift */,
			);
			path = threading;
			sourceTree = "<group>";
		};
/* End PBXGroup section */

/* Begin PBXHeadersBuildPhase section */
		8C3F570B1DA7348C00FBD824 /* Headers */ = {
			isa = PBXHeadersBuildPhase;
			buildActionMask = 2147483647;
			files = (
				8C3F571F1DA7348C00FBD824 /* Aojet.h in Headers */,
			);
			runOnlyForDeploymentPostprocessing = 0;
		};
		8C5EFD521DB4D39700885B4E /* Headers */ = {
			isa = PBXHeadersBuildPhase;
			buildActionMask = 2147483647;
			files = (
				8C5EFE5A1DB4D6C600885B4E /* Aojet.h in Headers */,
			);
			runOnlyForDeploymentPostprocessing = 0;
		};
/* End PBXHeadersBuildPhase section */

/* Begin PBXNativeTarget section */
		8C3F570D1DA7348C00FBD824 /* Aojet-iOS */ = {
			isa = PBXNativeTarget;
			buildConfigurationList = 8C3F57221DA7348C00FBD824 /* Build configuration list for PBXNativeTarget "Aojet-iOS" */;
			buildPhases = (
				8C3F57091DA7348C00FBD824 /* Sources */,
				8C3F570A1DA7348C00FBD824 /* Frameworks */,
				8C3F570B1DA7348C00FBD824 /* Headers */,
				8C3F570C1DA7348C00FBD824 /* Resources */,
			);
			buildRules = (
			);
			dependencies = (
			);
			name = "Aojet-iOS";
			productName = Aojet;
			productReference = 8C3F570E1DA7348C00FBD824 /* Aojet.framework */;
			productType = "com.apple.product-type.framework";
		};
		8C3F57161DA7348C00FBD824 /* Tests */ = {
			isa = PBXNativeTarget;
			buildConfigurationList = 8C3F57251DA7348C00FBD824 /* Build configuration list for PBXNativeTarget "Tests" */;
			buildPhases = (
				8C3F57131DA7348C00FBD824 /* Sources */,
				8C3F57141DA7348C00FBD824 /* Frameworks */,
				8C3F57151DA7348C00FBD824 /* Resources */,
			);
			buildRules = (
			);
			dependencies = (
				8C3F571A1DA7348C00FBD824 /* PBXTargetDependency */,
			);
			name = Tests;
			productName = AojetTests;
			productReference = 8C3F57171DA7348C00FBD824 /* Tests.xctest */;
			productType = "com.apple.product-type.bundle.unit-test";
		};
		8C3F57E11DA7373B00FBD824 /* AojetDemo */ = {
			isa = PBXNativeTarget;
			buildConfigurationList = 8C3F58091DA7373B00FBD824 /* Build configuration list for PBXNativeTarget "AojetDemo" */;
			buildPhases = (
				8C3F57DE1DA7373B00FBD824 /* Sources */,
				8C3F57DF1DA7373B00FBD824 /* Frameworks */,
				8C3F57E01DA7373B00FBD824 /* Resources */,
			);
			buildRules = (
			);
			dependencies = (
				8C3F58191DA737E200FBD824 /* PBXTargetDependency */,
			);
			name = AojetDemo;
			productName = AojetDemo;
			productReference = 8C3F57E21DA7373B00FBD824 /* AojetDemo.app */;
			productType = "com.apple.product-type.application";
		};
		8C5EFD541DB4D39700885B4E /* Aojet-Mac */ = {
			isa = PBXNativeTarget;
			buildConfigurationList = 8C5EFD5A1DB4D39700885B4E /* Build configuration list for PBXNativeTarget "Aojet-Mac" */;
			buildPhases = (
				8C5EFD501DB4D39700885B4E /* Sources */,
				8C5EFD511DB4D39700885B4E /* Frameworks */,
				8C5EFD521DB4D39700885B4E /* Headers */,
				8C5EFD531DB4D39700885B4E /* Resources */,
			);
			buildRules = (
			);
			dependencies = (
			);
			name = "Aojet-Mac";
			productName = "Aojet-Mac";
			productReference = 8C5EFD551DB4D39700885B4E /* Aojet.framework */;
			productType = "com.apple.product-type.framework";
		};
/* End PBXNativeTarget section */

/* Begin PBXProject section */
		8C3F57051DA7348C00FBD824 /* Project object */ = {
			isa = PBXProject;
			attributes = {
				LastSwiftUpdateCheck = 0800;
				LastUpgradeCheck = 0800;
				ORGANIZATIONNAME = "Qihe Bian";
				TargetAttributes = {
					8C3F570D1DA7348C00FBD824 = {
						CreatedOnToolsVersion = 8.0;
						ProvisioningStyle = Automatic;
					};
					8C3F57161DA7348C00FBD824 = {
						CreatedOnToolsVersion = 8.0;
						ProvisioningStyle = Automatic;
					};
					8C3F57E11DA7373B00FBD824 = {
						CreatedOnToolsVersion = 8.0;
						ProvisioningStyle = Automatic;
					};
					8C5EFD541DB4D39700885B4E = {
						CreatedOnToolsVersion = 8.0;
						ProvisioningStyle = Automatic;
					};
				};
			};
			buildConfigurationList = 8C3F57081DA7348C00FBD824 /* Build configuration list for PBXProject "Aojet" */;
			compatibilityVersion = "Xcode 3.2";
			developmentRegion = English;
			hasScannedForEncodings = 0;
			knownRegions = (
				en,
				Base,
			);
			mainGroup = 8C3F57041DA7348C00FBD824;
			productRefGroup = 8C3F570F1DA7348C00FBD824 /* Products */;
			projectDirPath = "";
			projectRoot = "";
			targets = (
				8C3F570D1DA7348C00FBD824 /* Aojet-iOS */,
				8C5EFD541DB4D39700885B4E /* Aojet-Mac */,
				8C3F57161DA7348C00FBD824 /* Tests */,
				8C3F57E11DA7373B00FBD824 /* AojetDemo */,
			);
		};
/* End PBXProject section */

/* Begin PBXResourcesBuildPhase section */
		8C3F570C1DA7348C00FBD824 /* Resources */ = {
			isa = PBXResourcesBuildPhase;
			buildActionMask = 2147483647;
			files = (
			);
			runOnlyForDeploymentPostprocessing = 0;
		};
		8C3F57151DA7348C00FBD824 /* Resources */ = {
			isa = PBXResourcesBuildPhase;
			buildActionMask = 2147483647;
			files = (
			);
			runOnlyForDeploymentPostprocessing = 0;
		};
		8C3F57E01DA7373B00FBD824 /* Resources */ = {
			isa = PBXResourcesBuildPhase;
			buildActionMask = 2147483647;
			files = (
				8C3F57F11DA7373B00FBD824 /* LaunchScreen.storyboard in Resources */,
				8C3F57EE1DA7373B00FBD824 /* Assets.xcassets in Resources */,
				8C3F57EC1DA7373B00FBD824 /* Main.storyboard in Resources */,
			);
			runOnlyForDeploymentPostprocessing = 0;
		};
		8C5EFD531DB4D39700885B4E /* Resources */ = {
			isa = PBXResourcesBuildPhase;
			buildActionMask = 2147483647;
			files = (
			);
			runOnlyForDeploymentPostprocessing = 0;
		};
/* End PBXResourcesBuildPhase section */

/* Begin PBXSourcesBuildPhase section */
		8C3F57091DA7348C00FBD824 /* Sources */ = {
			isa = PBXSourcesBuildPhase;
			buildActionMask = 2147483647;
			files = (
				8C5EFE401DB4D51900885B4E /* RuntimeEnvironment.swift in Sources */,
				8C5EFE261DB4D51900885B4E /* ThreadLocalProvider.swift in Sources */,
				8C5EFE501DB4D51900885B4E /* Lock.swift in Sources */,
				8C5EFDBC1DB4D51800885B4E /* ActorCancellable.swift in Sources */,
				8C5EFDCA1DB4D51800885B4E /* ActorSystem.swift in Sources */,
				8C5EFDF61DB4D51800885B4E /* Runnable.swift in Sources */,
				8C5EFE1C1DB4D51900885B4E /* ImmediateDispatcherProvider.swift in Sources */,
				8C5EFE3C1DB4D51900885B4E /* MainThreadRuntime.swift in Sources */,
				8C5EFDD61DB4D51800885B4E /* ActorEndpoint.swift in Sources */,
				8C5EFE381DB4D51900885B4E /* Log.swift in Sources */,
				8C5EFDCC1DB4D51800885B4E /* ActorTime.swift in Sources */,
				8C5EFE4C1DB4D51900885B4E /* Dispatcher.swift in Sources */,
				8C5EFE1E1DB4D51900885B4E /* LockProvider.swift in Sources */,
				8C5EFE081DB4D51900885B4E /* Consumer.swift in Sources */,
				8C5EFDBE1DB4D51800885B4E /* ActorContext.swift in Sources */,
				8C5EFDF21DB4D51800885B4E /* Props.swift in Sources */,
				8C5EFE561DB4D51900885B4E /* ThreadLocalCompat.swift in Sources */,
				8C5EFE321DB4D51900885B4E /* PromiseTools.swift in Sources */,
				8C5EFDE41DB4D51800885B4E /* QueueFetchResult.swift in Sources */,
				8C5EFE341DB4D51900885B4E /* DispatcherRuntime.swift in Sources */,
				8C5EFE4E1DB4D51900885B4E /* ImmediateDispatcher.swift in Sources */,
				8C5EFE0C1DB4D51900885B4E /* Function.swift in Sources */,
				8C5EFDD21DB4D51800885B4E /* AskableActor.swift in Sources */,
				8C5EFE4A1DB4D51900885B4E /* DispatchCancel.swift in Sources */,
				8C5EFE101DB4D51900885B4E /* Predicate.swift in Sources */,
				8C5EFE161DB4D51900885B4E /* AtomicLongProvider.swift in Sources */,
				8C5EFE3A1DB4D51900885B4E /* LogRuntime.swift in Sources */,
				8C5EFDF81DB4D51800885B4E /* Scheduler.swift in Sources */,
				8C5EFE021DB4D51900885B4E /* Cancellable.swift in Sources */,
				8C5EFDEC1DB4D51800885B4E /* StashBegin.swift in Sources */,
				8C5EFE001DB4D51900885B4E /* TraceInterface.swift in Sources */,
				8C5EFE0E1DB4D51900885B4E /* Identifiable.swift in Sources */,
				8C5EFE1A1DB4D51900885B4E /* DispatcherRuntimeProvider.swift in Sources */,
				8C5EFE041DB4D51900885B4E /* Comparator.swift in Sources */,
				8C5EFE2E1DB4D51900885B4E /* Promises.swift in Sources */,
				8C5EFE281DB4D51900885B4E /* Promise.swift in Sources */,
				8C5EFE061DB4D51900885B4E /* Constructor.swift in Sources */,
				8C5EFDDE1DB4D51800885B4E /* QueueCollection.swift in Sources */,
				8C5EFDC61DB4D51800885B4E /* ActorSelection.swift in Sources */,
				8C5EFDDC1DB4D51800885B4E /* Queue.swift in Sources */,
				8C5EFE441DB4D51900885B4E /* AtomicIntegerCompat.swift in Sources */,
				8C5EFE0A1DB4D51900885B4E /* Either.swift in Sources */,
				8C5EFDF41DB4D51800885B4E /* Receiver.swift in Sources */,
				8C5EFE201DB4D51900885B4E /* LogRuntimeProvider.swift in Sources */,
				8C5EFE361DB4D51900885B4E /* Errors.swift in Sources */,
				8C5EFDEE1DB4D51800885B4E /* StashEnd.swift in Sources */,
				8C5EFE421DB4D51900885B4E /* ThreadingRuntime.swift in Sources */,
				8C5EFDD81DB4D51800885B4E /* Envelope.swift in Sources */,
				8C5EFE521DB4D51900885B4E /* SimpleDispatcher.swift in Sources */,
				8C5EFDCE1DB4D51800885B4E /* AskInternalRequest.swift in Sources */,
				8C5EFE301DB4D51900885B4E /* PromisesArray.swift in Sources */,
				8C5EFE221DB4D51900885B4E /* MainThreadRuntimeProvider.swift in Sources */,
				8C5EFE2A1DB4D51900885B4E /* PromiseFunc.swift in Sources */,
				8C5EFE461DB4D51900885B4E /* AtomicLongCompat.swift in Sources */,
				8C5EFDE81DB4D51800885B4E /* PoisonPill.swift in Sources */,
				8C5EFDFC1DB4D51800885B4E /* ThreadPriority.swift in Sources */,
				8C5EFDC81DB4D51800885B4E /* ActorSupervisor.swift in Sources */,
				8C5EFDE21DB4D51800885B4E /* QueueDispatcher.swift in Sources */,
				8C5EFDEA1DB4D51800885B4E /* StartActor.swift in Sources */,
				8C5EFE2C1DB4D51900885B4E /* PromiseResolver.swift in Sources */,
				8C5EFE141DB4D51900885B4E /* AtomicIntegerProvider.swift in Sources */,
				8C5EFDC01DB4D51800885B4E /* ActorCreator.swift in Sources */,
				8C5EFE3E1DB4D51900885B4E /* Runtime.swift in Sources */,
				8C5EFE581DB4D51900885B4E /* WeakReferenceCompat.swift in Sources */,
				8C5EFDBA1DB4D51800885B4E /* Actor.swift in Sources */,
				8C5EFDC41DB4D51800885B4E /* ActorScope.swift in Sources */,
				8C5EFE541DB4D51900885B4E /* ThreadDispatcher.swift in Sources */,
				8C5EFE181DB4D51900885B4E /* DispatcherProvider.swift in Sources */,
				8C5EFDE01DB4D51800885B4E /* QueueCollectionListener.swift in Sources */,
				8C5EFDE61DB4D51800885B4E /* DeadLetter.swift in Sources */,
				8C5EFE481DB4D51900885B4E /* CommonTimer.swift in Sources */,
				8C5EFE121DB4D51900885B4E /* Supplier.swift in Sources */,
				8C5EFDC21DB4D51800885B4E /* ActorRef.swift in Sources */,
				8C5EFDD41DB4D51800885B4E /* ActorDispatcher.swift in Sources */,
				8C5EFDDA1DB4D51800885B4E /* Mailbox.swift in Sources */,
				8C5EFDFE1DB4D51900885B4E /* BounceFilterActor.swift in Sources */,
				8C5EFE241DB4D51900885B4E /* ThreadingRuntimeProvider.swift in Sources */,
				8C5EFDD01DB4D51800885B4E /* AskMessage.swift in Sources */,
				8C5EFDF01DB4D51800885B4E /* StashIgnore.swift in Sources */,
				8C5EFDFA1DB4D51800885B4E /* StashedMessage.swift in Sources */,
			);
			runOnlyForDeploymentPostprocessing = 0;
		};
		8C3F57131DA7348C00FBD824 /* Sources */ = {
			isa = PBXSourcesBuildPhase;
			buildActionMask = 2147483647;
			files = (
				8C4563E31DB3CAAE009C90D2 /* AojetTests.swift in Sources */,
			);
			runOnlyForDeploymentPostprocessing = 0;
		};
		8C3F57DE1DA7373B00FBD824 /* Sources */ = {
			isa = PBXSourcesBuildPhase;
			buildActionMask = 2147483647;
			files = (
				8C3F58171DA737D000FBD824 /* DemoActor.swift in Sources */,
				8C3F57E91DA7373B00FBD824 /* SecondViewController.swift in Sources */,
				8C3F57E51DA7373B00FBD824 /* AppDelegate.swift in Sources */,
				8C3F57E71DA7373B00FBD824 /* FirstViewController.swift in Sources */,
			);
			runOnlyForDeploymentPostprocessing = 0;
		};
		8C5EFD501DB4D39700885B4E /* Sources */ = {
			isa = PBXSourcesBuildPhase;
			buildActionMask = 2147483647;
			files = (
				8C5EFE411DB4D51900885B4E /* RuntimeEnvironment.swift in Sources */,
				8C5EFE271DB4D51900885B4E /* ThreadLocalProvider.swift in Sources */,
				8C5EFE511DB4D51900885B4E /* Lock.swift in Sources */,
				8C5EFDBD1DB4D51800885B4E /* ActorCancellable.swift in Sources */,
				8C5EFDCB1DB4D51800885B4E /* ActorSystem.swift in Sources */,
				8C5EFDF71DB4D51800885B4E /* Runnable.swift in Sources */,
				8C5EFE1D1DB4D51900885B4E /* ImmediateDispatcherProvider.swift in Sources */,
				8C5EFE3D1DB4D51900885B4E /* MainThreadRuntime.swift in Sources */,
				8C5EFDD71DB4D51800885B4E /* ActorEndpoint.swift in Sources */,
				8C5EFE391DB4D51900885B4E /* Log.swift in Sources */,
				8C5EFDCD1DB4D51800885B4E /* ActorTime.swift in Sources */,
				8C5EFE4D1DB4D51900885B4E /* Dispatcher.swift in Sources */,
				8C5EFE1F1DB4D51900885B4E /* LockProvider.swift in Sources */,
				8C5EFE091DB4D51900885B4E /* Consumer.swift in Sources */,
				8C5EFDBF1DB4D51800885B4E /* ActorContext.swift in Sources */,
				8C5EFDF31DB4D51800885B4E /* Props.swift in Sources */,
				8C5EFE571DB4D51900885B4E /* ThreadLocalCompat.swift in Sources */,
				8C5EFE331DB4D51900885B4E /* PromiseTools.swift in Sources */,
				8C5EFDE51DB4D51800885B4E /* QueueFetchResult.swift in Sources */,
				8C5EFE351DB4D51900885B4E /* DispatcherRuntime.swift in Sources */,
				8C5EFE4F1DB4D51900885B4E /* ImmediateDispatcher.swift in Sources */,
				8C5EFE0D1DB4D51900885B4E /* Function.swift in Sources */,
				8C5EFDD31DB4D51800885B4E /* AskableActor.swift in Sources */,
				8C5EFE4B1DB4D51900885B4E /* DispatchCancel.swift in Sources */,
				8C5EFE111DB4D51900885B4E /* Predicate.swift in Sources */,
				8C5EFE171DB4D51900885B4E /* AtomicLongProvider.swift in Sources */,
				8C5EFE3B1DB4D51900885B4E /* LogRuntime.swift in Sources */,
				8C5EFDF91DB4D51800885B4E /* Scheduler.swift in Sources */,
				8C5EFE031DB4D51900885B4E /* Cancellable.swift in Sources */,
				8C5EFDED1DB4D51800885B4E /* StashBegin.swift in Sources */,
				8C5EFE011DB4D51900885B4E /* TraceInterface.swift in Sources */,
				8C5EFE0F1DB4D51900885B4E /* Identifiable.swift in Sources */,
				8C5EFE1B1DB4D51900885B4E /* DispatcherRuntimeProvider.swift in Sources */,
				8C5EFE051DB4D51900885B4E /* Comparator.swift in Sources */,
				8C5EFE2F1DB4D51900885B4E /* Promises.swift in Sources */,
				8C5EFE291DB4D51900885B4E /* Promise.swift in Sources */,
				8C5EFE071DB4D51900885B4E /* Constructor.swift in Sources */,
				8C5EFDDF1DB4D51800885B4E /* QueueCollection.swift in Sources */,
				8C5EFDC71DB4D51800885B4E /* ActorSelection.swift in Sources */,
				8C5EFDDD1DB4D51800885B4E /* Queue.swift in Sources */,
				8C5EFE451DB4D51900885B4E /* AtomicIntegerCompat.swift in Sources */,
				8C5EFE0B1DB4D51900885B4E /* Either.swift in Sources */,
				8C5EFDF51DB4D51800885B4E /* Receiver.swift in Sources */,
				8C5EFE211DB4D51900885B4E /* LogRuntimeProvider.swift in Sources */,
				8C5EFE371DB4D51900885B4E /* Errors.swift in Sources */,
				8C5EFDEF1DB4D51800885B4E /* StashEnd.swift in Sources */,
				8C5EFE431DB4D51900885B4E /* ThreadingRuntime.swift in Sources */,
				8C5EFDD91DB4D51800885B4E /* Envelope.swift in Sources */,
				8C5EFE531DB4D51900885B4E /* SimpleDispatcher.swift in Sources */,
				8C5EFDCF1DB4D51800885B4E /* AskInternalRequest.swift in Sources */,
				8C5EFE311DB4D51900885B4E /* PromisesArray.swift in Sources */,
				8C5EFE231DB4D51900885B4E /* MainThreadRuntimeProvider.swift in Sources */,
				8C5EFE2B1DB4D51900885B4E /* PromiseFunc.swift in Sources */,
				8C5EFE471DB4D51900885B4E /* AtomicLongCompat.swift in Sources */,
				8C5EFDE91DB4D51800885B4E /* PoisonPill.swift in Sources */,
				8C5EFDFD1DB4D51900885B4E /* ThreadPriority.swift in Sources */,
				8C5EFDC91DB4D51800885B4E /* ActorSupervisor.swift in Sources */,
				8C5EFDE31DB4D51800885B4E /* QueueDispatcher.swift in Sources */,
				8C5EFDEB1DB4D51800885B4E /* StartActor.swift in Sources */,
				8C5EFE2D1DB4D51900885B4E /* PromiseResolver.swift in Sources */,
				8C5EFE151DB4D51900885B4E /* AtomicIntegerProvider.swift in Sources */,
				8C5EFDC11DB4D51800885B4E /* ActorCreator.swift in Sources */,
				8C5EFE3F1DB4D51900885B4E /* Runtime.swift in Sources */,
				8C5EFE591DB4D51900885B4E /* WeakReferenceCompat.swift in Sources */,
				8C5EFDBB1DB4D51800885B4E /* Actor.swift in Sources */,
				8C5EFDC51DB4D51800885B4E /* ActorScope.swift in Sources */,
				8C5EFE551DB4D51900885B4E /* ThreadDispatcher.swift in Sources */,
				8C5EFE191DB4D51900885B4E /* DispatcherProvider.swift in Sources */,
				8C5EFDE11DB4D51800885B4E /* QueueCollectionListener.swift in Sources */,
				8C5EFDE71DB4D51800885B4E /* DeadLetter.swift in Sources */,
				8C5EFE491DB4D51900885B4E /* CommonTimer.swift in Sources */,
				8C5EFE131DB4D51900885B4E /* Supplier.swift in Sources */,
				8C5EFDC31DB4D51800885B4E /* ActorRef.swift in Sources */,
				8C5EFDD51DB4D51800885B4E /* ActorDispatcher.swift in Sources */,
				8C5EFDDB1DB4D51800885B4E /* Mailbox.swift in Sources */,
				8C5EFDFF1DB4D51900885B4E /* BounceFilterActor.swift in Sources */,
				8C5EFE251DB4D51900885B4E /* ThreadingRuntimeProvider.swift in Sources */,
				8C5EFDD11DB4D51800885B4E /* AskMessage.swift in Sources */,
				8C5EFDF11DB4D51800885B4E /* StashIgnore.swift in Sources */,
				8C5EFDFB1DB4D51800885B4E /* StashedMessage.swift in Sources */,
			);
			runOnlyForDeploymentPostprocessing = 0;
		};
/* End PBXSourcesBuildPhase section */

/* Begin PBXTargetDependency section */
		8C3F571A1DA7348C00FBD824 /* PBXTargetDependency */ = {
			isa = PBXTargetDependency;
			target = 8C3F570D1DA7348C00FBD824 /* Aojet-iOS */;
			targetProxy = 8C3F57191DA7348C00FBD824 /* PBXContainerItemProxy */;
		};
		8C3F58191DA737E200FBD824 /* PBXTargetDependency */ = {
			isa = PBXTargetDependency;
			target = 8C3F570D1DA7348C00FBD824 /* Aojet-iOS */;
			targetProxy = 8C3F58181DA737E200FBD824 /* PBXContainerItemProxy */;
		};
/* End PBXTargetDependency section */

/* Begin PBXVariantGroup section */
		8C3F57EA1DA7373B00FBD824 /* Main.storyboard */ = {
			isa = PBXVariantGroup;
			children = (
				8C3F57EB1DA7373B00FBD824 /* Base */,
			);
			name = Main.storyboard;
			sourceTree = "<group>";
		};
		8C3F57EF1DA7373B00FBD824 /* LaunchScreen.storyboard */ = {
			isa = PBXVariantGroup;
			children = (
				8C3F57F01DA7373B00FBD824 /* Base */,
			);
			name = LaunchScreen.storyboard;
			sourceTree = "<group>";
		};
/* End PBXVariantGroup section */

/* Begin XCBuildConfiguration section */
		8C3F57201DA7348C00FBD824 /* Debug */ = {
			isa = XCBuildConfiguration;
			buildSettings = {
				ALWAYS_SEARCH_USER_PATHS = NO;
				CLANG_ANALYZER_NONNULL = YES;
				CLANG_CXX_LANGUAGE_STANDARD = "gnu++0x";
				CLANG_CXX_LIBRARY = "libc++";
				CLANG_ENABLE_MODULES = YES;
				CLANG_ENABLE_OBJC_ARC = YES;
				CLANG_WARN_BOOL_CONVERSION = YES;
				CLANG_WARN_CONSTANT_CONVERSION = YES;
				CLANG_WARN_DIRECT_OBJC_ISA_USAGE = YES_ERROR;
				CLANG_WARN_DOCUMENTATION_COMMENTS = YES;
				CLANG_WARN_EMPTY_BODY = YES;
				CLANG_WARN_ENUM_CONVERSION = YES;
				CLANG_WARN_INFINITE_RECURSION = YES;
				CLANG_WARN_INT_CONVERSION = YES;
				CLANG_WARN_OBJC_ROOT_CLASS = YES_ERROR;
				CLANG_WARN_SUSPICIOUS_MOVES = YES;
				CLANG_WARN_UNREACHABLE_CODE = YES;
				CLANG_WARN__DUPLICATE_METHOD_MATCH = YES;
				"CODE_SIGN_IDENTITY[sdk=iphoneos*]" = "iPhone Developer";
				COPY_PHASE_STRIP = NO;
				CURRENT_PROJECT_VERSION = 1;
				DEBUG_INFORMATION_FORMAT = dwarf;
				ENABLE_STRICT_OBJC_MSGSEND = YES;
				ENABLE_TESTABILITY = YES;
				GCC_C_LANGUAGE_STANDARD = gnu99;
				GCC_DYNAMIC_NO_PIC = NO;
				GCC_NO_COMMON_BLOCKS = YES;
				GCC_OPTIMIZATION_LEVEL = 0;
				GCC_PREPROCESSOR_DEFINITIONS = (
					"DEBUG=1",
					"$(inherited)",
				);
				GCC_WARN_64_TO_32_BIT_CONVERSION = YES;
				GCC_WARN_ABOUT_RETURN_TYPE = YES_ERROR;
				GCC_WARN_UNDECLARED_SELECTOR = YES;
				GCC_WARN_UNINITIALIZED_AUTOS = YES_AGGRESSIVE;
				GCC_WARN_UNUSED_FUNCTION = YES;
				GCC_WARN_UNUSED_VARIABLE = YES;
				IPHONEOS_DEPLOYMENT_TARGET = 8.0;
				MACOSX_DEPLOYMENT_TARGET = 10.10;
				MTL_ENABLE_DEBUG_INFO = YES;
				ONLY_ACTIVE_ARCH = YES;
				SDKROOT = iphoneos;
				SWIFT_ACTIVE_COMPILATION_CONDITIONS = DEBUG;
				SWIFT_OPTIMIZATION_LEVEL = "-Onone";
				TARGETED_DEVICE_FAMILY = "1,2";
				VERSIONING_SYSTEM = "apple-generic";
				VERSION_INFO_PREFIX = "";
			};
			name = Debug;
		};
		8C3F57211DA7348C00FBD824 /* Release */ = {
			isa = XCBuildConfiguration;
			buildSettings = {
				ALWAYS_SEARCH_USER_PATHS = NO;
				CLANG_ANALYZER_NONNULL = YES;
				CLANG_CXX_LANGUAGE_STANDARD = "gnu++0x";
				CLANG_CXX_LIBRARY = "libc++";
				CLANG_ENABLE_MODULES = YES;
				CLANG_ENABLE_OBJC_ARC = YES;
				CLANG_WARN_BOOL_CONVERSION = YES;
				CLANG_WARN_CONSTANT_CONVERSION = YES;
				CLANG_WARN_DIRECT_OBJC_ISA_USAGE = YES_ERROR;
				CLANG_WARN_DOCUMENTATION_COMMENTS = YES;
				CLANG_WARN_EMPTY_BODY = YES;
				CLANG_WARN_ENUM_CONVERSION = YES;
				CLANG_WARN_INFINITE_RECURSION = YES;
				CLANG_WARN_INT_CONVERSION = YES;
				CLANG_WARN_OBJC_ROOT_CLASS = YES_ERROR;
				CLANG_WARN_SUSPICIOUS_MOVES = YES;
				CLANG_WARN_UNREACHABLE_CODE = YES;
				CLANG_WARN__DUPLICATE_METHOD_MATCH = YES;
				"CODE_SIGN_IDENTITY[sdk=iphoneos*]" = "iPhone Developer";
				COPY_PHASE_STRIP = NO;
				CURRENT_PROJECT_VERSION = 1;
				DEBUG_INFORMATION_FORMAT = "dwarf-with-dsym";
				ENABLE_NS_ASSERTIONS = NO;
				ENABLE_STRICT_OBJC_MSGSEND = YES;
				GCC_C_LANGUAGE_STANDARD = gnu99;
				GCC_NO_COMMON_BLOCKS = YES;
				GCC_WARN_64_TO_32_BIT_CONVERSION = YES;
				GCC_WARN_ABOUT_RETURN_TYPE = YES_ERROR;
				GCC_WARN_UNDECLARED_SELECTOR = YES;
				GCC_WARN_UNINITIALIZED_AUTOS = YES_AGGRESSIVE;
				GCC_WARN_UNUSED_FUNCTION = YES;
				GCC_WARN_UNUSED_VARIABLE = YES;
				IPHONEOS_DEPLOYMENT_TARGET = 8.0;
				MACOSX_DEPLOYMENT_TARGET = 10.10;
				MTL_ENABLE_DEBUG_INFO = NO;
				SDKROOT = iphoneos;
				SWIFT_OPTIMIZATION_LEVEL = "-Owholemodule";
				TARGETED_DEVICE_FAMILY = "1,2";
				VALIDATE_PRODUCT = YES;
				VERSIONING_SYSTEM = "apple-generic";
				VERSION_INFO_PREFIX = "";
			};
			name = Release;
		};
		8C3F57231DA7348C00FBD824 /* Debug */ = {
			isa = XCBuildConfiguration;
			buildSettings = {
				CODE_SIGN_IDENTITY = "";
				DEFINES_MODULE = YES;
				DYLIB_COMPATIBILITY_VERSION = 1;
				DYLIB_CURRENT_VERSION = 1;
				DYLIB_INSTALL_NAME_BASE = "@rpath";
				INFOPLIST_FILE = "Aojet-iOS/Info.plist";
				INSTALL_PATH = "$(LOCAL_LIBRARY_DIR)/Frameworks";
				LD_RUNPATH_SEARCH_PATHS = "$(inherited) @executable_path/Frameworks @loader_path/Frameworks";
				PRODUCT_BUNDLE_IDENTIFIER = com.ufosky.Aojet;
				PRODUCT_NAME = Aojet;
				SKIP_INSTALL = YES;
				SWIFT_VERSION = 3.0;
			};
			name = Debug;
		};
		8C3F57241DA7348C00FBD824 /* Release */ = {
			isa = XCBuildConfiguration;
			buildSettings = {
				CODE_SIGN_IDENTITY = "";
				DEFINES_MODULE = YES;
				DYLIB_COMPATIBILITY_VERSION = 1;
				DYLIB_CURRENT_VERSION = 1;
				DYLIB_INSTALL_NAME_BASE = "@rpath";
				INFOPLIST_FILE = "Aojet-iOS/Info.plist";
				INSTALL_PATH = "$(LOCAL_LIBRARY_DIR)/Frameworks";
				LD_RUNPATH_SEARCH_PATHS = "$(inherited) @executable_path/Frameworks @loader_path/Frameworks";
				PRODUCT_BUNDLE_IDENTIFIER = com.ufosky.Aojet;
				PRODUCT_NAME = Aojet;
				SKIP_INSTALL = YES;
				SWIFT_VERSION = 3.0;
			};
			name = Release;
		};
		8C3F57261DA7348C00FBD824 /* Debug */ = {
			isa = XCBuildConfiguration;
			buildSettings = {
				ALWAYS_EMBED_SWIFT_STANDARD_LIBRARIES = YES;
				INFOPLIST_FILE = AojetTests/Info.plist;
				LD_RUNPATH_SEARCH_PATHS = "$(inherited) @executable_path/Frameworks @loader_path/Frameworks";
				PRODUCT_BUNDLE_IDENTIFIER = com.ufosky.AojetTests;
				PRODUCT_NAME = "$(TARGET_NAME)";
				SWIFT_VERSION = 3.0;
			};
			name = Debug;
		};
		8C3F57271DA7348C00FBD824 /* Release */ = {
			isa = XCBuildConfiguration;
			buildSettings = {
				ALWAYS_EMBED_SWIFT_STANDARD_LIBRARIES = YES;
				INFOPLIST_FILE = AojetTests/Info.plist;
				LD_RUNPATH_SEARCH_PATHS = "$(inherited) @executable_path/Frameworks @loader_path/Frameworks";
				PRODUCT_BUNDLE_IDENTIFIER = com.ufosky.AojetTests;
				PRODUCT_NAME = "$(TARGET_NAME)";
				SWIFT_VERSION = 3.0;
			};
			name = Release;
		};
		8C3F580A1DA7373B00FBD824 /* Debug */ = {
			isa = XCBuildConfiguration;
			buildSettings = {
				ASSETCATALOG_COMPILER_APPICON_NAME = AppIcon;
				INFOPLIST_FILE = AojetDemo/Info.plist;
				LD_RUNPATH_SEARCH_PATHS = "$(inherited) @executable_path/Frameworks";
				PRODUCT_BUNDLE_IDENTIFIER = com.ufosky.AojetDemo;
				PRODUCT_NAME = "$(TARGET_NAME)";
				SWIFT_VERSION = 3.0;
			};
			name = Debug;
		};
		8C3F580B1DA7373B00FBD824 /* Release */ = {
			isa = XCBuildConfiguration;
			buildSettings = {
				ASSETCATALOG_COMPILER_APPICON_NAME = AppIcon;
				INFOPLIST_FILE = AojetDemo/Info.plist;
				LD_RUNPATH_SEARCH_PATHS = "$(inherited) @executable_path/Frameworks";
				PRODUCT_BUNDLE_IDENTIFIER = com.ufosky.AojetDemo;
				PRODUCT_NAME = "$(TARGET_NAME)";
				SWIFT_VERSION = 3.0;
			};
			name = Release;
		};
		8C5EFD5B1DB4D39700885B4E /* Debug */ = {
			isa = XCBuildConfiguration;
			buildSettings = {
				CODE_SIGN_IDENTITY = "-";
				COMBINE_HIDPI_IMAGES = YES;
				DEFINES_MODULE = YES;
				DYLIB_COMPATIBILITY_VERSION = 1;
				DYLIB_CURRENT_VERSION = 1;
				DYLIB_INSTALL_NAME_BASE = "@rpath";
				FRAMEWORK_VERSION = A;
				INFOPLIST_FILE = "Aojet-Mac/Info.plist";
				INSTALL_PATH = "$(LOCAL_LIBRARY_DIR)/Frameworks";
				LD_RUNPATH_SEARCH_PATHS = "$(inherited) @executable_path/../Frameworks @loader_path/Frameworks";
				PRODUCT_BUNDLE_IDENTIFIER = com.ufosky.Aojet;
				PRODUCT_NAME = Aojet;
				SDKROOT = macosx;
				SKIP_INSTALL = YES;
				SWIFT_VERSION = 3.0;
			};
			name = Debug;
		};
		8C5EFD5C1DB4D39700885B4E /* Release */ = {
			isa = XCBuildConfiguration;
			buildSettings = {
				CODE_SIGN_IDENTITY = "-";
				COMBINE_HIDPI_IMAGES = YES;
				DEFINES_MODULE = YES;
				DYLIB_COMPATIBILITY_VERSION = 1;
				DYLIB_CURRENT_VERSION = 1;
				DYLIB_INSTALL_NAME_BASE = "@rpath";
				FRAMEWORK_VERSION = A;
				INFOPLIST_FILE = "Aojet-Mac/Info.plist";
				INSTALL_PATH = "$(LOCAL_LIBRARY_DIR)/Frameworks";
				LD_RUNPATH_SEARCH_PATHS = "$(inherited) @executable_path/../Frameworks @loader_path/Frameworks";
				PRODUCT_BUNDLE_IDENTIFIER = com.ufosky.Aojet;
				PRODUCT_NAME = Aojet;
				SDKROOT = macosx;
				SKIP_INSTALL = YES;
				SWIFT_VERSION = 3.0;
			};
			name = Release;
		};
/* End XCBuildConfiguration section */

/* Begin XCConfigurationList section */
		8C3F57081DA7348C00FBD824 /* Build configuration list for PBXProject "Aojet" */ = {
			isa = XCConfigurationList;
			buildConfigurations = (
				8C3F57201DA7348C00FBD824 /* Debug */,
				8C3F57211DA7348C00FBD824 /* Release */,
			);
			defaultConfigurationIsVisible = 0;
			defaultConfigurationName = Release;
		};
		8C3F57221DA7348C00FBD824 /* Build configuration list for PBXNativeTarget "Aojet-iOS" */ = {
			isa = XCConfigurationList;
			buildConfigurations = (
				8C3F57231DA7348C00FBD824 /* Debug */,
				8C3F57241DA7348C00FBD824 /* Release */,
			);
			defaultConfigurationIsVisible = 0;
			defaultConfigurationName = Release;
		};
		8C3F57251DA7348C00FBD824 /* Build configuration list for PBXNativeTarget "Tests" */ = {
			isa = XCConfigurationList;
			buildConfigurations = (
				8C3F57261DA7348C00FBD824 /* Debug */,
				8C3F57271DA7348C00FBD824 /* Release */,
			);
			defaultConfigurationIsVisible = 0;
			defaultConfigurationName = Release;
		};
		8C3F58091DA7373B00FBD824 /* Build configuration list for PBXNativeTarget "AojetDemo" */ = {
			isa = XCConfigurationList;
			buildConfigurations = (
				8C3F580A1DA7373B00FBD824 /* Debug */,
				8C3F580B1DA7373B00FBD824 /* Release */,
			);
			defaultConfigurationIsVisible = 0;
			defaultConfigurationName = Release;
		};
		8C5EFD5A1DB4D39700885B4E /* Build configuration list for PBXNativeTarget "Aojet-Mac" */ = {
			isa = XCConfigurationList;
			buildConfigurations = (
				8C5EFD5B1DB4D39700885B4E /* Debug */,
				8C5EFD5C1DB4D39700885B4E /* Release */,
			);
			defaultConfigurationIsVisible = 0;
		};
/* End XCConfigurationList section */
	};
	rootObject = 8C3F57051DA7348C00FBD824 /* Project object */;
}
